// !$*UTF8*$!
{
	archiveVersion = 1;
	classes = {
	};
	objectVersion = 56;
	objects = {

/* Begin PBXBuildFile section */
		AA16C4F62AF41E0500384E03 /* Bible_QuizApp.swift in Sources */ = {isa = PBXBuildFile; fileRef = AA16C4F52AF41E0500384E03 /* Bible_QuizApp.swift */; };
		AA16C4F82AF41E0500384E03 /* HomeScreenView.swift in Sources */ = {isa = PBXBuildFile; fileRef = AA16C4F72AF41E0500384E03 /* HomeScreenView.swift */; };
		AA16C4FA2AF41E0800384E03 /* Assets.xcassets in Resources */ = {isa = PBXBuildFile; fileRef = AA16C4F92AF41E0800384E03 /* Assets.xcassets */; };
		AA16C4FD2AF41E0800384E03 /* Preview Assets.xcassets in Resources */ = {isa = PBXBuildFile; fileRef = AA16C4FC2AF41E0800384E03 /* Preview Assets.xcassets */; };
		AA16C5072AF41E0900384E03 /* Bible_QuizTests.swift in Sources */ = {isa = PBXBuildFile; fileRef = AA16C5062AF41E0900384E03 /* Bible_QuizTests.swift */; };
		AA16C5112AF41E0900384E03 /* Bible_QuizUITests.swift in Sources */ = {isa = PBXBuildFile; fileRef = AA16C5102AF41E0900384E03 /* Bible_QuizUITests.swift */; };
		AA16C5132AF41E0900384E03 /* Bible_QuizUITestsLaunchTests.swift in Sources */ = {isa = PBXBuildFile; fileRef = AA16C5122AF41E0900384E03 /* Bible_QuizUITestsLaunchTests.swift */; };
		AA9AE75F2B42FB1400F81931 /* BackgroundView.swift in Sources */ = {isa = PBXBuildFile; fileRef = AA9AE75E2B42FB1400F81931 /* BackgroundView.swift */; };
		AAA49C602B419962009050C6 /* BibleQuizButton.swift in Sources */ = {isa = PBXBuildFile; fileRef = AAA49C5F2B419962009050C6 /* BibleQuizButton.swift */; };
		AAA49CE42B41E2CB009050C6 /* QuestionScreenView.swift in Sources */ = {isa = PBXBuildFile; fileRef = AAA49CE32B41E2CB009050C6 /* QuestionScreenView.swift */; };
		AAF61A052B40BA56006EB00B /* LoveYaLikeASister-Regular.ttf in Resources */ = {isa = PBXBuildFile; fileRef = AAF61A042B40BA56006EB00B /* LoveYaLikeASister-Regular.ttf */; };
		AAF61A062B40BA56006EB00B /* LoveYaLikeASister-Regular.ttf in Resources */ = {isa = PBXBuildFile; fileRef = AAF61A042B40BA56006EB00B /* LoveYaLikeASister-Regular.ttf */; };
/* End PBXBuildFile section */

/* Begin PBXContainerItemProxy section */
		AA16C5032AF41E0900384E03 /* PBXContainerItemProxy */ = {
			isa = PBXContainerItemProxy;
			containerPortal = AA16C4EA2AF41E0500384E03 /* Project object */;
			proxyType = 1;
			remoteGlobalIDString = AA16C4F12AF41E0500384E03;
			remoteInfo = Bible_Quiz;
		};
		AA16C50D2AF41E0900384E03 /* PBXContainerItemProxy */ = {
			isa = PBXContainerItemProxy;
			containerPortal = AA16C4EA2AF41E0500384E03 /* Project object */;
			proxyType = 1;
			remoteGlobalIDString = AA16C4F12AF41E0500384E03;
			remoteInfo = Bible_Quiz;
		};
/* End PBXContainerItemProxy section */

/* Begin PBXFileReference section */
		AA16C4F22AF41E0500384E03 /* Bible_Quiz.app */ = {isa = PBXFileReference; explicitFileType = wrapper.application; includeInIndex = 0; path = Bible_Quiz.app; sourceTree = BUILT_PRODUCTS_DIR; };
		AA16C4F52AF41E0500384E03 /* Bible_QuizApp.swift */ = {isa = PBXFileReference; lastKnownFileType = sourcecode.swift; path = Bible_QuizApp.swift; sourceTree = "<group>"; };
		AA16C4F72AF41E0500384E03 /* HomeScreenView.swift */ = {isa = PBXFileReference; lastKnownFileType = sourcecode.swift; path = HomeScreenView.swift; sourceTree = "<group>"; };
		AA16C4F92AF41E0800384E03 /* Assets.xcassets */ = {isa = PBXFileReference; lastKnownFileType = folder.assetcatalog; path = Assets.xcassets; sourceTree = "<group>"; };
		AA16C4FC2AF41E0800384E03 /* Preview Assets.xcassets */ = {isa = PBXFileReference; lastKnownFileType = folder.assetcatalog; path = "Preview Assets.xcassets"; sourceTree = "<group>"; };
		AA16C5022AF41E0900384E03 /* Bible_QuizTests.xctest */ = {isa = PBXFileReference; explicitFileType = wrapper.cfbundle; includeInIndex = 0; path = Bible_QuizTests.xctest; sourceTree = BUILT_PRODUCTS_DIR; };
		AA16C5062AF41E0900384E03 /* Bible_QuizTests.swift */ = {isa = PBXFileReference; lastKnownFileType = sourcecode.swift; path = Bible_QuizTests.swift; sourceTree = "<group>"; };
		AA16C50C2AF41E0900384E03 /* Bible_QuizUITests.xctest */ = {isa = PBXFileReference; explicitFileType = wrapper.cfbundle; includeInIndex = 0; path = Bible_QuizUITests.xctest; sourceTree = BUILT_PRODUCTS_DIR; };
		AA16C5102AF41E0900384E03 /* Bible_QuizUITests.swift */ = {isa = PBXFileReference; lastKnownFileType = sourcecode.swift; path = Bible_QuizUITests.swift; sourceTree = "<group>"; };
		AA16C5122AF41E0900384E03 /* Bible_QuizUITestsLaunchTests.swift */ = {isa = PBXFileReference; lastKnownFileType = sourcecode.swift; path = Bible_QuizUITestsLaunchTests.swift; sourceTree = "<group>"; };
		AA9AE75E2B42FB1400F81931 /* BackgroundView.swift */ = {isa = PBXFileReference; lastKnownFileType = sourcecode.swift; path = BackgroundView.swift; sourceTree = "<group>"; };
		AAA49C5F2B419962009050C6 /* BibleQuizButton.swift */ = {isa = PBXFileReference; lastKnownFileType = sourcecode.swift; path = BibleQuizButton.swift; sourceTree = "<group>"; };
		AAA49CE32B41E2CB009050C6 /* QuestionScreenView.swift */ = {isa = PBXFileReference; lastKnownFileType = sourcecode.swift; path = QuestionScreenView.swift; sourceTree = "<group>"; };
		AAB0404C2B40BCDF0001F3E5 /* Bible-Quiz-Info.plist */ = {isa = PBXFileReference; lastKnownFileType = text.plist; path = "Bible-Quiz-Info.plist"; sourceTree = SOURCE_ROOT; };
		AAF61A042B40BA56006EB00B /* LoveYaLikeASister-Regular.ttf */ = {isa = PBXFileReference; lastKnownFileType = file; path = "LoveYaLikeASister-Regular.ttf"; sourceTree = "<group>"; };
/* End PBXFileReference section */

/* Begin PBXFrameworksBuildPhase section */
		AA16C4EF2AF41E0500384E03 /* Frameworks */ = {
			isa = PBXFrameworksBuildPhase;
			buildActionMask = 2147483647;
			files = (
			);
			runOnlyForDeploymentPostprocessing = 0;
		};
		AA16C4FF2AF41E0900384E03 /* Frameworks */ = {
			isa = PBXFrameworksBuildPhase;
			buildActionMask = 2147483647;
			files = (
			);
			runOnlyForDeploymentPostprocessing = 0;
		};
		AA16C5092AF41E0900384E03 /* Frameworks */ = {
			isa = PBXFrameworksBuildPhase;
			buildActionMask = 2147483647;
			files = (
			);
			runOnlyForDeploymentPostprocessing = 0;
		};
/* End PBXFrameworksBuildPhase section */

/* Begin PBXGroup section */
		AA16C4E92AF41E0500384E03 = {
			isa = PBXGroup;
			children = (
				AA16C4F42AF41E0500384E03 /* Bible_Quiz */,
				AA16C5052AF41E0900384E03 /* Bible_QuizTests */,
				AA16C50F2AF41E0900384E03 /* Bible_QuizUITests */,
				AA16C4F32AF41E0500384E03 /* Products */,
			);
			sourceTree = "<group>";
		};
		AA16C4F32AF41E0500384E03 /* Products */ = {
			isa = PBXGroup;
			children = (
				AA16C4F22AF41E0500384E03 /* Bible_Quiz.app */,
				AA16C5022AF41E0900384E03 /* Bible_QuizTests.xctest */,
				AA16C50C2AF41E0900384E03 /* Bible_QuizUITests.xctest */,
			);
			name = Products;
			sourceTree = "<group>";
		};
		AA16C4F42AF41E0500384E03 /* Bible_Quiz */ = {
			isa = PBXGroup;
			children = (
				AAB0404C2B40BCDF0001F3E5 /* Bible-Quiz-Info.plist */,
				AAA49C5D2B41990D009050C6 /* Screens */,
				AA16C4F52AF41E0500384E03 /* Bible_QuizApp.swift */,
				AAF61A032B40BA33006EB00B /* font */,
				AA16C4F92AF41E0800384E03 /* Assets.xcassets */,
				AA16C4FB2AF41E0800384E03 /* Preview Content */,
			);
			path = Bible_Quiz;
			sourceTree = "<group>";
		};
		AA16C4FB2AF41E0800384E03 /* Preview Content */ = {
			isa = PBXGroup;
			children = (
				AA16C4FC2AF41E0800384E03 /* Preview Assets.xcassets */,
			);
			path = "Preview Content";
			sourceTree = "<group>";
		};
		AA16C5052AF41E0900384E03 /* Bible_QuizTests */ = {
			isa = PBXGroup;
			children = (
				AA16C5062AF41E0900384E03 /* Bible_QuizTests.swift */,
			);
			path = Bible_QuizTests;
			sourceTree = "<group>";
		};
		AA16C50F2AF41E0900384E03 /* Bible_QuizUITests */ = {
			isa = PBXGroup;
			children = (
				AA16C5102AF41E0900384E03 /* Bible_QuizUITests.swift */,
				AA16C5122AF41E0900384E03 /* Bible_QuizUITestsLaunchTests.swift */,
			);
			path = Bible_QuizUITests;
			sourceTree = "<group>";
		};
		AAA49C5D2B41990D009050C6 /* Screens */ = {
			isa = PBXGroup;
			children = (
				AAA49CE22B41E15A009050C6 /* QuestionScreen */,
				AAA49CE12B41E14C009050C6 /* LobbyScreen */,
				AAA49CE02B41E140009050C6 /* HomeScreen */,
				AAA49C5E2B41991C009050C6 /* components */,
			);
			path = Screens;
			sourceTree = "<group>";
		};
		AAA49C5E2B41991C009050C6 /* components */ = {
			isa = PBXGroup;
			children = (
				AAA49C5F2B419962009050C6 /* BibleQuizButton.swift */,
				AA9AE75E2B42FB1400F81931 /* BackgroundView.swift */,
			);
			path = components;
			sourceTree = "<group>";
		};
		AAA49CE02B41E140009050C6 /* HomeScreen */ = {
			isa = PBXGroup;
			children = (
				AA16C4F72AF41E0500384E03 /* HomeScreenView.swift */,
			);
			path = HomeScreen;
			sourceTree = "<group>";
		};
		AAA49CE12B41E14C009050C6 /* LobbyScreen */ = {
			isa = PBXGroup;
			children = (
			);
			path = LobbyScreen;
			sourceTree = "<group>";
		};
		AAA49CE22B41E15A009050C6 /* QuestionScreen */ = {
			isa = PBXGroup;
			children = (
				AAA49CE32B41E2CB009050C6 /* QuestionScreenView.swift */,
			);
			path = QuestionScreen;
			sourceTree = "<group>";
		};
		AAF61A032B40BA33006EB00B /* font */ = {
			isa = PBXGroup;
			children = (
				AAF61A042B40BA56006EB00B /* LoveYaLikeASister-Regular.ttf */,
			);
			path = font;
			sourceTree = "<group>";
		};
/* End PBXGroup section */

/* Begin PBXNativeTarget section */
		AA16C4F12AF41E0500384E03 /* Bible_Quiz */ = {
			isa = PBXNativeTarget;
			buildConfigurationList = AA16C5162AF41E0900384E03 /* Build configuration list for PBXNativeTarget "Bible_Quiz" */;
			buildPhases = (
				AA16C4EE2AF41E0500384E03 /* Sources */,
				AA16C4EF2AF41E0500384E03 /* Frameworks */,
				AA16C4F02AF41E0500384E03 /* Resources */,
			);
			buildRules = (
			);
			dependencies = (
			);
			name = Bible_Quiz;
			productName = Bible_Quiz;
			productReference = AA16C4F22AF41E0500384E03 /* Bible_Quiz.app */;
			productType = "com.apple.product-type.application";
		};
		AA16C5012AF41E0900384E03 /* Bible_QuizTests */ = {
			isa = PBXNativeTarget;
			buildConfigurationList = AA16C5192AF41E0900384E03 /* Build configuration list for PBXNativeTarget "Bible_QuizTests" */;
			buildPhases = (
				AA16C4FE2AF41E0900384E03 /* Sources */,
				AA16C4FF2AF41E0900384E03 /* Frameworks */,
				AA16C5002AF41E0900384E03 /* Resources */,
			);
			buildRules = (
			);
			dependencies = (
				AA16C5042AF41E0900384E03 /* PBXTargetDependency */,
			);
			name = Bible_QuizTests;
			productName = Bible_QuizTests;
			productReference = AA16C5022AF41E0900384E03 /* Bible_QuizTests.xctest */;
			productType = "com.apple.product-type.bundle.unit-test";
		};
		AA16C50B2AF41E0900384E03 /* Bible_QuizUITests */ = {
			isa = PBXNativeTarget;
			buildConfigurationList = AA16C51C2AF41E0900384E03 /* Build configuration list for PBXNativeTarget "Bible_QuizUITests" */;
			buildPhases = (
				AA16C5082AF41E0900384E03 /* Sources */,
				AA16C5092AF41E0900384E03 /* Frameworks */,
				AA16C50A2AF41E0900384E03 /* Resources */,
			);
			buildRules = (
			);
			dependencies = (
				AA16C50E2AF41E0900384E03 /* PBXTargetDependency */,
			);
			name = Bible_QuizUITests;
			productName = Bible_QuizUITests;
			productReference = AA16C50C2AF41E0900384E03 /* Bible_QuizUITests.xctest */;
			productType = "com.apple.product-type.bundle.ui-testing";
		};
/* End PBXNativeTarget section */

/* Begin PBXProject section */
		AA16C4EA2AF41E0500384E03 /* Project object */ = {
			isa = PBXProject;
			attributes = {
				BuildIndependentTargetsInParallel = 1;
				LastSwiftUpdateCheck = 1420;
				LastUpgradeCheck = 1420;
				TargetAttributes = {
					AA16C4F12AF41E0500384E03 = {
						CreatedOnToolsVersion = 14.2;
					};
					AA16C5012AF41E0900384E03 = {
						CreatedOnToolsVersion = 14.2;
						TestTargetID = AA16C4F12AF41E0500384E03;
					};
					AA16C50B2AF41E0900384E03 = {
						CreatedOnToolsVersion = 14.2;
						TestTargetID = AA16C4F12AF41E0500384E03;
					};
				};
			};
			buildConfigurationList = AA16C4ED2AF41E0500384E03 /* Build configuration list for PBXProject "Bible_Quiz" */;
			compatibilityVersion = "Xcode 14.0";
			developmentRegion = en;
			hasScannedForEncodings = 0;
			knownRegions = (
				en,
				Base,
			);
			mainGroup = AA16C4E92AF41E0500384E03;
			productRefGroup = AA16C4F32AF41E0500384E03 /* Products */;
			projectDirPath = "";
			projectRoot = "";
			targets = (
				AA16C4F12AF41E0500384E03 /* Bible_Quiz */,
				AA16C5012AF41E0900384E03 /* Bible_QuizTests */,
				AA16C50B2AF41E0900384E03 /* Bible_QuizUITests */,
			);
		};
/* End PBXProject section */

/* Begin PBXResourcesBuildPhase section */
		AA16C4F02AF41E0500384E03 /* Resources */ = {
			isa = PBXResourcesBuildPhase;
			buildActionMask = 2147483647;
			files = (
				AA16C4FD2AF41E0800384E03 /* Preview Assets.xcassets in Resources */,
				AA16C4FA2AF41E0800384E03 /* Assets.xcassets in Resources */,
				AAF61A052B40BA56006EB00B /* LoveYaLikeASister-Regular.ttf in Resources */,
			);
			runOnlyForDeploymentPostprocessing = 0;
		};
		AA16C5002AF41E0900384E03 /* Resources */ = {
			isa = PBXResourcesBuildPhase;
			buildActionMask = 2147483647;
			files = (
			);
			runOnlyForDeploymentPostprocessing = 0;
		};
		AA16C50A2AF41E0900384E03 /* Resources */ = {
			isa = PBXResourcesBuildPhase;
			buildActionMask = 2147483647;
			files = (
				AAF61A062B40BA56006EB00B /* LoveYaLikeASister-Regular.ttf in Resources */,
			);
			runOnlyForDeploymentPostprocessing = 0;
		};
/* End PBXResourcesBuildPhase section */

/* Begin PBXSourcesBuildPhase section */
		AA16C4EE2AF41E0500384E03 /* Sources */ = {
			isa = PBXSourcesBuildPhase;
			buildActionMask = 2147483647;
			files = (
				AA9AE75F2B42FB1400F81931 /* BackgroundView.swift in Sources */,
				AA16C4F82AF41E0500384E03 /* HomeScreenView.swift in Sources */,
				AA16C4F62AF41E0500384E03 /* Bible_QuizApp.swift in Sources */,
				AAA49C602B419962009050C6 /* BibleQuizButton.swift in Sources */,
				AAA49CE42B41E2CB009050C6 /* QuestionScreenView.swift in Sources */,
			);
			runOnlyForDeploymentPostprocessing = 0;
		};
		AA16C4FE2AF41E0900384E03 /* Sources */ = {
			isa = PBXSourcesBuildPhase;
			buildActionMask = 2147483647;
			files = (
				AA16C5072AF41E0900384E03 /* Bible_QuizTests.swift in Sources */,
			);
			runOnlyForDeploymentPostprocessing = 0;
		};
		AA16C5082AF41E0900384E03 /* Sources */ = {
			isa = PBXSourcesBuildPhase;
			buildActionMask = 2147483647;
			files = (
				AA16C5132AF41E0900384E03 /* Bible_QuizUITestsLaunchTests.swift in Sources */,
				AA16C5112AF41E0900384E03 /* Bible_QuizUITests.swift in Sources */,
			);
			runOnlyForDeploymentPostprocessing = 0;
		};
/* End PBXSourcesBuildPhase section */

/* Begin PBXTargetDependency section */
		AA16C5042AF41E0900384E03 /* PBXTargetDependency */ = {
			isa = PBXTargetDependency;
			target = AA16C4F12AF41E0500384E03 /* Bible_Quiz */;
			targetProxy = AA16C5032AF41E0900384E03 /* PBXContainerItemProxy */;
		};
		AA16C50E2AF41E0900384E03 /* PBXTargetDependency */ = {
			isa = PBXTargetDependency;
			target = AA16C4F12AF41E0500384E03 /* Bible_Quiz */;
			targetProxy = AA16C50D2AF41E0900384E03 /* PBXContainerItemProxy */;
		};
/* End PBXTargetDependency section */

/* Begin XCBuildConfiguration section */
		AA16C5142AF41E0900384E03 /* Debug */ = {
			isa = XCBuildConfiguration;
			buildSettings = {
				ALWAYS_SEARCH_USER_PATHS = NO;
				CLANG_ANALYZER_NONNULL = YES;
				CLANG_ANALYZER_NUMBER_OBJECT_CONVERSION = YES_AGGRESSIVE;
				CLANG_CXX_LANGUAGE_STANDARD = "gnu++20";
				CLANG_ENABLE_MODULES = YES;
				CLANG_ENABLE_OBJC_ARC = YES;
				CLANG_ENABLE_OBJC_WEAK = YES;
				CLANG_WARN_BLOCK_CAPTURE_AUTORELEASING = YES;
				CLANG_WARN_BOOL_CONVERSION = YES;
				CLANG_WARN_COMMA = YES;
				CLANG_WARN_CONSTANT_CONVERSION = YES;
				CLANG_WARN_DEPRECATED_OBJC_IMPLEMENTATIONS = YES;
				CLANG_WARN_DIRECT_OBJC_ISA_USAGE = YES_ERROR;
				CLANG_WARN_DOCUMENTATION_COMMENTS = YES;
				CLANG_WARN_EMPTY_BODY = YES;
				CLANG_WARN_ENUM_CONVERSION = YES;
				CLANG_WARN_INFINITE_RECURSION = YES;
				CLANG_WARN_INT_CONVERSION = YES;
				CLANG_WARN_NON_LITERAL_NULL_CONVERSION = YES;
				CLANG_WARN_OBJC_IMPLICIT_RETAIN_SELF = YES;
				CLANG_WARN_OBJC_LITERAL_CONVERSION = YES;
				CLANG_WARN_OBJC_ROOT_CLASS = YES_ERROR;
				CLANG_WARN_QUOTED_INCLUDE_IN_FRAMEWORK_HEADER = YES;
				CLANG_WARN_RANGE_LOOP_ANALYSIS = YES;
				CLANG_WARN_STRICT_PROTOTYPES = YES;
				CLANG_WARN_SUSPICIOUS_MOVE = YES;
				CLANG_WARN_UNGUARDED_AVAILABILITY = YES_AGGRESSIVE;
				CLANG_WARN_UNREACHABLE_CODE = YES;
				CLANG_WARN__DUPLICATE_METHOD_MATCH = YES;
				COPY_PHASE_STRIP = NO;
				DEBUG_INFORMATION_FORMAT = dwarf;
				ENABLE_STRICT_OBJC_MSGSEND = YES;
				ENABLE_TESTABILITY = YES;
				GCC_C_LANGUAGE_STANDARD = gnu11;
				GCC_DYNAMIC_NO_PIC = NO;
				GCC_NO_COMMON_BLOCKS = YES;
				GCC_OPTIMIZATION_LEVEL = 0;
				GCC_PREPROCESSOR_DEFINITIONS = (
					"DEBUG=1",
					"$(inherited)",
				);
				GCC_WARN_64_TO_32_BIT_CONVERSION = YES;
				GCC_WARN_ABOUT_RETURN_TYPE = YES_ERROR;
				GCC_WARN_UNDECLARED_SELECTOR = YES;
				GCC_WARN_UNINITIALIZED_AUTOS = YES_AGGRESSIVE;
				GCC_WARN_UNUSED_FUNCTION = YES;
				GCC_WARN_UNUSED_VARIABLE = YES;
				IPHONEOS_DEPLOYMENT_TARGET = 16.2;
				MTL_ENABLE_DEBUG_INFO = INCLUDE_SOURCE;
				MTL_FAST_MATH = YES;
				ONLY_ACTIVE_ARCH = YES;
				SDKROOT = iphoneos;
				SWIFT_ACTIVE_COMPILATION_CONDITIONS = DEBUG;
				SWIFT_OPTIMIZATION_LEVEL = "-Onone";
			};
			name = Debug;
		};
		AA16C5152AF41E0900384E03 /* Release */ = {
			isa = XCBuildConfiguration;
			buildSettings = {
				ALWAYS_SEARCH_USER_PATHS = NO;
				CLANG_ANALYZER_NONNULL = YES;
				CLANG_ANALYZER_NUMBER_OBJECT_CONVERSION = YES_AGGRESSIVE;
				CLANG_CXX_LANGUAGE_STANDARD = "gnu++20";
				CLANG_ENABLE_MODULES = YES;
				CLANG_ENABLE_OBJC_ARC = YES;
				CLANG_ENABLE_OBJC_WEAK = YES;
				CLANG_WARN_BLOCK_CAPTURE_AUTORELEASING = YES;
				CLANG_WARN_BOOL_CONVERSION = YES;
				CLANG_WARN_COMMA = YES;
				CLANG_WARN_CONSTANT_CONVERSION = YES;
				CLANG_WARN_DEPRECATED_OBJC_IMPLEMENTATIONS = YES;
				CLANG_WARN_DIRECT_OBJC_ISA_USAGE = YES_ERROR;
				CLANG_WARN_DOCUMENTATION_COMMENTS = YES;
				CLANG_WARN_EMPTY_BODY = YES;
				CLANG_WARN_ENUM_CONVERSION = YES;
				CLANG_WARN_INFINITE_RECURSION = YES;
				CLANG_WARN_INT_CONVERSION = YES;
				CLANG_WARN_NON_LITERAL_NULL_CONVERSION = YES;
				CLANG_WARN_OBJC_IMPLICIT_RETAIN_SELF = YES;
				CLANG_WARN_OBJC_LITERAL_CONVERSION = YES;
				CLANG_WARN_OBJC_ROOT_CLASS = YES_ERROR;
				CLANG_WARN_QUOTED_INCLUDE_IN_FRAMEWORK_HEADER = YES;
				CLANG_WARN_RANGE_LOOP_ANALYSIS = YES;
				CLANG_WARN_STRICT_PROTOTYPES = YES;
				CLANG_WARN_SUSPICIOUS_MOVE = YES;
				CLANG_WARN_UNGUARDED_AVAILABILITY = YES_AGGRESSIVE;
				CLANG_WARN_UNREACHABLE_CODE = YES;
				CLANG_WARN__DUPLICATE_METHOD_MATCH = YES;
				COPY_PHASE_STRIP = NO;
				DEBUG_INFORMATION_FORMAT = "dwarf-with-dsym";
				ENABLE_NS_ASSERTIONS = NO;
				ENABLE_STRICT_OBJC_MSGSEND = YES;
				GCC_C_LANGUAGE_STANDARD = gnu11;
				GCC_NO_COMMON_BLOCKS = YES;
				GCC_WARN_64_TO_32_BIT_CONVERSION = YES;
				GCC_WARN_ABOUT_RETURN_TYPE = YES_ERROR;
				GCC_WARN_UNDECLARED_SELECTOR = YES;
				GCC_WARN_UNINITIALIZED_AUTOS = YES_AGGRESSIVE;
				GCC_WARN_UNUSED_FUNCTION = YES;
				GCC_WARN_UNUSED_VARIABLE = YES;
				IPHONEOS_DEPLOYMENT_TARGET = 16.2;
				MTL_ENABLE_DEBUG_INFO = NO;
				MTL_FAST_MATH = YES;
				SDKROOT = iphoneos;
				SWIFT_COMPILATION_MODE = wholemodule;
				SWIFT_OPTIMIZATION_LEVEL = "-O";
				VALIDATE_PRODUCT = YES;
			};
			name = Release;
		};
		AA16C5172AF41E0900384E03 /* Debug */ = {
			isa = XCBuildConfiguration;
			buildSettings = {
				ASSETCATALOG_COMPILER_APPICON_NAME = AppIcon;
				ASSETCATALOG_COMPILER_GLOBAL_ACCENT_COLOR_NAME = AccentColor;
				CODE_SIGN_STYLE = Automatic;
				CURRENT_PROJECT_VERSION = 1;
				DEVELOPMENT_ASSET_PATHS = "\"Bible_Quiz/Preview Content\"";
				ENABLE_PREVIEWS = YES;
				GENERATE_INFOPLIST_FILE = YES;
				INFOPLIST_FILE = "Bible-Quiz-Info.plist";
				INFOPLIST_KEY_UIApplicationSceneManifest_Generation = YES;
				INFOPLIST_KEY_UIApplicationSupportsIndirectInputEvents = YES;
				INFOPLIST_KEY_UILaunchScreen_Generation = YES;
				INFOPLIST_KEY_UISupportedInterfaceOrientations_iPad = "UIInterfaceOrientationPortrait UIInterfaceOrientationPortraitUpsideDown UIInterfaceOrientationLandscapeLeft UIInterfaceOrientationLandscapeRight";
				INFOPLIST_KEY_UISupportedInterfaceOrientations_iPhone = "UIInterfaceOrientationPortrait UIInterfaceOrientationLandscapeLeft UIInterfaceOrientationLandscapeRight";
				LD_RUNPATH_SEARCH_PATHS = (
					"$(inherited)",
					"@executable_path/Frameworks",
				);
				MARKETING_VERSION = 1.0;
				PRODUCT_BUNDLE_IDENTIFIER = "com.extrabrains.Bible-Quiz";
				PRODUCT_NAME = "$(TARGET_NAME)";
				SWIFT_EMIT_LOC_STRINGS = YES;
				SWIFT_VERSION = 5.0;
				TARGETED_DEVICE_FAMILY = "1,2";
			};
			name = Debug;
		};
		AA16C5182AF41E0900384E03 /* Release */ = {
			isa = XCBuildConfiguration;
			buildSettings = {
				ASSETCATALOG_COMPILER_APPICON_NAME = AppIcon;
				ASSETCATALOG_COMPILER_GLOBAL_ACCENT_COLOR_NAME = AccentColor;
				CODE_SIGN_STYLE = Automatic;
				CURRENT_PROJECT_VERSION = 1;
				DEVELOPMENT_ASSET_PATHS = "\"Bible_Quiz/Preview Content\"";
				ENABLE_PREVIEWS = YES;
				GENERATE_INFOPLIST_FILE = YES;
				INFOPLIST_FILE = "Bible-Quiz-Info.plist";
				INFOPLIST_KEY_UIApplicationSceneManifest_Generation = YES;
				INFOPLIST_KEY_UIApplicationSupportsIndirectInputEvents = YES;
				INFOPLIST_KEY_UILaunchScreen_Generation = YES;
				INFOPLIST_KEY_UISupportedInterfaceOrientations_iPad = "UIInterfaceOrientationPortrait UIInterfaceOrientationPortraitUpsideDown UIInterfaceOrientationLandscapeLeft UIInterfaceOrientationLandscapeRight";
				INFOPLIST_KEY_UISupportedInterfaceOrientations_iPhone = "UIInterfaceOrientationPortrait UIInterfaceOrientationLandscapeLeft UIInterfaceOrientationLandscapeRight";
				LD_RUNPATH_SEARCH_PATHS = (
					"$(inherited)",
					"@executable_path/Frameworks",
				);
				MARKETING_VERSION = 1.0;
				PRODUCT_BUNDLE_IDENTIFIER = "com.extrabrains.Bible-Quiz";
				PRODUCT_NAME = "$(TARGET_NAME)";
				SWIFT_EMIT_LOC_STRINGS = YES;
				SWIFT_VERSION = 5.0;
				TARGETED_DEVICE_FAMILY = "1,2";
			};
			name = Release;
		};
		AA16C51A2AF41E0900384E03 /* Debug */ = {
			isa = XCBuildConfiguration;
			buildSettings = {
				ALWAYS_EMBED_SWIFT_STANDARD_LIBRARIES = YES;
				BUNDLE_LOADER = "$(TEST_HOST)";
				CODE_SIGN_STYLE = Automatic;
				CURRENT_PROJECT_VERSION = 1;
				GENERATE_INFOPLIST_FILE = YES;
				IPHONEOS_DEPLOYMENT_TARGET = 16.2;
				MARKETING_VERSION = 1.0;
				PRODUCT_BUNDLE_IDENTIFIER = "com.extrabrains.Bible-QuizTests";
				PRODUCT_NAME = "$(TARGET_NAME)";
				SWIFT_EMIT_LOC_STRINGS = NO;
				SWIFT_VERSION = 5.0;
				TARGETED_DEVICE_FAMILY = "1,2";
				TEST_HOST = "$(BUILT_PRODUCTS_DIR)/Bible_Quiz.app/$(BUNDLE_EXECUTABLE_FOLDER_PATH)/Bible_Quiz";
			};
			name = Debug;
		};
		AA16C51B2AF41E0900384E03 /* Release */ = {
			isa = XCBuildConfiguration;
			buildSettings = {
				ALWAYS_EMBED_SWIFT_STANDARD_LIBRARIES = YES;
				BUNDLE_LOADER = "$(TEST_HOST)";
				CODE_SIGN_STYLE = Automatic;
				CURRENT_PROJECT_VERSION = 1;
				GENERATE_INFOPLIST_FILE = YES;
				IPHONEOS_DEPLOYMENT_TARGET = 16.2;
				MARKETING_VERSION = 1.0;
				PRODUCT_BUNDLE_IDENTIFIER = "com.extrabrains.Bible-QuizTests";
				PRODUCT_NAME = "$(TARGET_NAME)";
				SWIFT_EMIT_LOC_STRINGS = NO;
				SWIFT_VERSION = 5.0;
				TARGETED_DEVICE_FAMILY = "1,2";
				TEST_HOST = "$(BUILT_PRODUCTS_DIR)/Bible_Quiz.app/$(BUNDLE_EXECUTABLE_FOLDER_PATH)/Bible_Quiz";
			};
			name = Release;
		};
		AA16C51D2AF41E0900384E03 /* Debug */ = {
			isa = XCBuildConfiguration;
			buildSettings = {
				ALWAYS_EMBED_SWIFT_STANDARD_LIBRARIES = YES;
				CODE_SIGN_STYLE = Automatic;
				CURRENT_PROJECT_VERSION = 1;
				GENERATE_INFOPLIST_FILE = YES;
				MARKETING_VERSION = 1.0;
				PRODUCT_BUNDLE_IDENTIFIER = "com.extrabrains.Bible-QuizUITests";
				PRODUCT_NAME = "$(TARGET_NAME)";
				SWIFT_EMIT_LOC_STRINGS = NO;
				SWIFT_VERSION = 5.0;
				TARGETED_DEVICE_FAMILY = "1,2";
				TEST_TARGET_NAME = Bible_Quiz;
			};
			name = Debug;
		};
		AA16C51E2AF41E0900384E03 /* Release */ = {
			isa = XCBuildConfiguration;
			buildSettings = {
				ALWAYS_EMBED_SWIFT_STANDARD_LIBRARIES = YES;
				CODE_SIGN_STYLE = Automatic;
				CURRENT_PROJECT_VERSION = 1;
				GENERATE_INFOPLIST_FILE = YES;
				MARKETING_VERSION = 1.0;
				PRODUCT_BUNDLE_IDENTIFIER = "com.extrabrains.Bible-QuizUITests";
				PRODUCT_NAME = "$(TARGET_NAME)";
				SWIFT_EMIT_LOC_STRINGS = NO;
				SWIFT_VERSION = 5.0;
				TARGETED_DEVICE_FAMILY = "1,2";
				TEST_TARGET_NAME = Bible_Quiz;
			};
			name = Release;
		};
/* End XCBuildConfiguration section */

/* Begin XCConfigurationList section */
		AA16C4ED2AF41E0500384E03 /* Build configuration list for PBXProject "Bible_Quiz" */ = {
			isa = XCConfigurationList;
			buildConfigurations = (
				AA16C5142AF41E0900384E03 /* Debug */,
				AA16C5152AF41E0900384E03 /* Release */,
			);
			defaultConfigurationIsVisible = 0;
			defaultConfigurationName = Release;
		};
		AA16C5162AF41E0900384E03 /* Build configuration list for PBXNativeTarget "Bible_Quiz" */ = {
			isa = XCConfigurationList;
			buildConfigurations = (
				AA16C5172AF41E0900384E03 /* Debug */,
				AA16C5182AF41E0900384E03 /* Release */,
			);
			defaultConfigurationIsVisible = 0;
			defaultConfigurationName = Release;
		};
		AA16C5192AF41E0900384E03 /* Build configuration list for PBXNativeTarget "Bible_QuizTests" */ = {
			isa = XCConfigurationList;
			buildConfigurations = (
				AA16C51A2AF41E0900384E03 /* Debug */,
				AA16C51B2AF41E0900384E03 /* Release */,
			);
			defaultConfigurationIsVisible = 0;
			defaultConfigurationName = Release;
		};
		AA16C51C2AF41E0900384E03 /* Build configuration list for PBXNativeTarget "Bible_QuizUITests" */ = {
			isa = XCConfigurationList;
			buildConfigurations = (
				AA16C51D2AF41E0900384E03 /* Debug */,
				AA16C51E2AF41E0900384E03 /* Release */,
			);
			defaultConfigurationIsVisible = 0;
			defaultConfigurationName = Release;
		};
/* End XCConfigurationList section */
	};
	rootObject = AA16C4EA2AF41E0500384E03 /* Project object */;
}
