// !$*UTF8*$!
{
	archiveVersion = 1;
	classes = {
	};
	objectVersion = 56;
	objects = {

/* Begin PBXBuildFile section */
		AA0165402BDB120C00E570CE /* QuizAnswerButton.swift in Sources */ = {isa = PBXBuildFile; fileRef = AA01653F2BDB120C00E570CE /* QuizAnswerButton.swift */; };
		AA04171F2BDE8B440068D22A /* QuizProgressBar.swift in Sources */ = {isa = PBXBuildFile; fileRef = AA04171E2BDE8B440068D22A /* QuizProgressBar.swift */; };
		AA16C4F62AF41E0500384E03 /* Bible_QuizApp.swift in Sources */ = {isa = PBXBuildFile; fileRef = AA16C4F52AF41E0500384E03 /* Bible_QuizApp.swift */; };
		AA16C4F82AF41E0500384E03 /* HomeScreenView.swift in Sources */ = {isa = PBXBuildFile; fileRef = AA16C4F72AF41E0500384E03 /* HomeScreenView.swift */; };
		AA16C4FA2AF41E0800384E03 /* Assets.xcassets in Resources */ = {isa = PBXBuildFile; fileRef = AA16C4F92AF41E0800384E03 /* Assets.xcassets */; };
		AA16C4FD2AF41E0800384E03 /* Preview Assets.xcassets in Resources */ = {isa = PBXBuildFile; fileRef = AA16C4FC2AF41E0800384E03 /* Preview Assets.xcassets */; };
		AA16C5072AF41E0900384E03 /* Bible_QuizTests.swift in Sources */ = {isa = PBXBuildFile; fileRef = AA16C5062AF41E0900384E03 /* Bible_QuizTests.swift */; };
		AA16C5112AF41E0900384E03 /* Bible_QuizUITests.swift in Sources */ = {isa = PBXBuildFile; fileRef = AA16C5102AF41E0900384E03 /* Bible_QuizUITests.swift */; };
		AA16C5132AF41E0900384E03 /* Bible_QuizUITestsLaunchTests.swift in Sources */ = {isa = PBXBuildFile; fileRef = AA16C5122AF41E0900384E03 /* Bible_QuizUITestsLaunchTests.swift */; };
		AA1BD8192BDCF7200085A0FA /* QuizScoreContents.swift in Sources */ = {isa = PBXBuildFile; fileRef = AA1BD8182BDCF7200085A0FA /* QuizScoreContents.swift */; };
		AA1D02472BD3CD6700BE784D /* FirebaseAnalytics in Frameworks */ = {isa = PBXBuildFile; productRef = AA1D02462BD3CD6700BE784D /* FirebaseAnalytics */; };
		AA1D02492BD3CD6700BE784D /* FirebaseAnalyticsSwift in Frameworks */ = {isa = PBXBuildFile; productRef = AA1D02482BD3CD6700BE784D /* FirebaseAnalyticsSwift */; };
		AA1D024B2BD3CD6700BE784D /* FirebaseAuth in Frameworks */ = {isa = PBXBuildFile; productRef = AA1D024A2BD3CD6700BE784D /* FirebaseAuth */; };
		AA1D024F2BD3CF4700BE784D /* AuthDataService.swift in Sources */ = {isa = PBXBuildFile; fileRef = AA1D024E2BD3CF4700BE784D /* AuthDataService.swift */; };
		AA1D02502BD3CF4700BE784D /* AuthDataService.swift in Sources */ = {isa = PBXBuildFile; fileRef = AA1D024E2BD3CF4700BE784D /* AuthDataService.swift */; };
		AA1D02512BD3CF4700BE784D /* AuthDataService.swift in Sources */ = {isa = PBXBuildFile; fileRef = AA1D024E2BD3CF4700BE784D /* AuthDataService.swift */; };
		AA1D02612BD3D93F00BE784D /* GoogleService-Info.plist in Resources */ = {isa = PBXBuildFile; fileRef = AA1D02602BD3D93F00BE784D /* GoogleService-Info.plist */; };
		AA1D02622BD3D93F00BE784D /* GoogleService-Info.plist in Resources */ = {isa = PBXBuildFile; fileRef = AA1D02602BD3D93F00BE784D /* GoogleService-Info.plist */; };
		AA1D02632BD3D93F00BE784D /* GoogleService-Info.plist in Resources */ = {isa = PBXBuildFile; fileRef = AA1D02602BD3D93F00BE784D /* GoogleService-Info.plist */; };
		AA1D02652BD3DE7300BE784D /* AuthView.swift in Sources */ = {isa = PBXBuildFile; fileRef = AA1D02642BD3DE7300BE784D /* AuthView.swift */; };
		AA1D02662BD3DE7300BE784D /* AuthView.swift in Sources */ = {isa = PBXBuildFile; fileRef = AA1D02642BD3DE7300BE784D /* AuthView.swift */; };
		AA1D02672BD3DE7300BE784D /* AuthView.swift in Sources */ = {isa = PBXBuildFile; fileRef = AA1D02642BD3DE7300BE784D /* AuthView.swift */; };
		AA1D02692BD3DFC600BE784D /* SignInEmailView.swift in Sources */ = {isa = PBXBuildFile; fileRef = AA1D02682BD3DFC600BE784D /* SignInEmailView.swift */; };
		AA1D026A2BD3DFC600BE784D /* SignInEmailView.swift in Sources */ = {isa = PBXBuildFile; fileRef = AA1D02682BD3DFC600BE784D /* SignInEmailView.swift */; };
		AA1D026B2BD3DFC600BE784D /* SignInEmailView.swift in Sources */ = {isa = PBXBuildFile; fileRef = AA1D02682BD3DFC600BE784D /* SignInEmailView.swift */; };
		AA2F42142B432CEB0040C9A9 /* BibleQuizButtonText.swift in Sources */ = {isa = PBXBuildFile; fileRef = AA2F42132B432CEB0040C9A9 /* BibleQuizButtonText.swift */; };
		AA2F42172B4331570040C9A9 /* LevelScreen.swift in Sources */ = {isa = PBXBuildFile; fileRef = AA2F42162B4331570040C9A9 /* LevelScreen.swift */; };
		AA2F42192B4334010040C9A9 /* LevelSelectButton.swift in Sources */ = {isa = PBXBuildFile; fileRef = AA2F42182B4334010040C9A9 /* LevelSelectButton.swift */; };
		AA52BF692B436F6600FCBC12 /* Quiz.swift in Sources */ = {isa = PBXBuildFile; fileRef = AA52BF682B436F6600FCBC12 /* Quiz.swift */; };
		AA56811B2BD9922A00CC5A92 /* QuizLevelVM.swift in Sources */ = {isa = PBXBuildFile; fileRef = AA56811A2BD9922A00CC5A92 /* QuizLevelVM.swift */; };
		AA56811D2BD99BEE00CC5A92 /* BibleQuizLoading.swift in Sources */ = {isa = PBXBuildFile; fileRef = AA56811C2BD99BED00CC5A92 /* BibleQuizLoading.swift */; };
		AA56811F2BD9A89900CC5A92 /* BibleQuizError.swift in Sources */ = {isa = PBXBuildFile; fileRef = AA56811E2BD9A89900CC5A92 /* BibleQuizError.swift */; };
		AA5681212BD9AF6700CC5A92 /* LevelSelectDisabled.swift in Sources */ = {isa = PBXBuildFile; fileRef = AA5681202BD9AF6700CC5A92 /* LevelSelectDisabled.swift */; };
		AA5681242BDAE7E000CC5A92 /* LevelScreenContents.swift in Sources */ = {isa = PBXBuildFile; fileRef = AA5681232BDAE7E000CC5A92 /* LevelScreenContents.swift */; };
		AA57BCB62B44354B006CB058 /* QuizVM.swift in Sources */ = {isa = PBXBuildFile; fileRef = AA57BCB52B44354B006CB058 /* QuizVM.swift */; };
		AA57BD052B4475E6006CB058 /* QuizRepo.swift in Sources */ = {isa = PBXBuildFile; fileRef = AA57BD042B4475E6006CB058 /* QuizRepo.swift */; };
		AA57BD072B447742006CB058 /* MockQuizDataService.swift in Sources */ = {isa = PBXBuildFile; fileRef = AA57BD062B447742006CB058 /* MockQuizDataService.swift */; };
		AA8E6A7E2BD71457006AD241 /* QuizNavGraph.swift in Sources */ = {isa = PBXBuildFile; fileRef = AA8E6A7D2BD71457006AD241 /* QuizNavGraph.swift */; };
		AA8E6A812BD83EC7006AD241 /* MainNavGraph.swift in Sources */ = {isa = PBXBuildFile; fileRef = AA8E6A802BD83EC7006AD241 /* MainNavGraph.swift */; };
		AA974CB72BD5789B00069BDB /* UserDataService.swift in Sources */ = {isa = PBXBuildFile; fileRef = AA974CB62BD5789B00069BDB /* UserDataService.swift */; };
		AA974CBA2BD5929900069BDB /* MainVM.swift in Sources */ = {isa = PBXBuildFile; fileRef = AA974CB92BD5929900069BDB /* MainVM.swift */; };
		AA974CBD2BD5953200069BDB /* UserModel.swift in Sources */ = {isa = PBXBuildFile; fileRef = AA974CBC2BD5953200069BDB /* UserModel.swift */; };
		AA974CC02BD59DA600069BDB /* MainScreen.swift in Sources */ = {isa = PBXBuildFile; fileRef = AA974CBF2BD59DA600069BDB /* MainScreen.swift */; };
		AA9AE75F2B42FB1400F81931 /* BackgroundView.swift in Sources */ = {isa = PBXBuildFile; fileRef = AA9AE75E2B42FB1400F81931 /* BackgroundView.swift */; };
		AA9E9A622BD6CA01003EA02E /* AppError.swift in Sources */ = {isa = PBXBuildFile; fileRef = AA9E9A612BD6CA01003EA02E /* AppError.swift */; };
		AAA49C602B419962009050C6 /* BibleQuizButton.swift in Sources */ = {isa = PBXBuildFile; fileRef = AAA49C5F2B419962009050C6 /* BibleQuizButton.swift */; };
		AAA49CE42B41E2CB009050C6 /* QuizScreenContents.swift in Sources */ = {isa = PBXBuildFile; fileRef = AAA49CE32B41E2CB009050C6 /* QuizScreenContents.swift */; };
		AAB922202BD3EB5900C68531 /* AuthRootView.swift in Sources */ = {isa = PBXBuildFile; fileRef = AAB9221F2BD3EB5900C68531 /* AuthRootView.swift */; };
		AAB922252BD3EEB600C68531 /* SettingsView.swift in Sources */ = {isa = PBXBuildFile; fileRef = AAB922242BD3EEB600C68531 /* SettingsView.swift */; };
		AAB922282BD400B400C68531 /* FirebaseFirestore in Frameworks */ = {isa = PBXBuildFile; productRef = AAB922272BD400B400C68531 /* FirebaseFirestore */; };
		AAB9222A2BD400B400C68531 /* FirebaseFirestoreSwift in Frameworks */ = {isa = PBXBuildFile; productRef = AAB922292BD400B400C68531 /* FirebaseFirestoreSwift */; };
		AAB9222E2BD403CF00C68531 /* ProfileView.swift in Sources */ = {isa = PBXBuildFile; fileRef = AAB9222D2BD403CF00C68531 /* ProfileView.swift */; };
		AAB922362BD42FFB00C68531 /* QuizDataService.swift in Sources */ = {isa = PBXBuildFile; fileRef = AAB922352BD42FFB00C68531 /* QuizDataService.swift */; };
		AAB922372BD42FFB00C68531 /* QuizDataService.swift in Sources */ = {isa = PBXBuildFile; fileRef = AAB922352BD42FFB00C68531 /* QuizDataService.swift */; };
		AAB922382BD42FFB00C68531 /* QuizDataService.swift in Sources */ = {isa = PBXBuildFile; fileRef = AAB922352BD42FFB00C68531 /* QuizDataService.swift */; };
		AAF61A052B40BA56006EB00B /* LoveYaLikeASister-Regular.ttf in Resources */ = {isa = PBXBuildFile; fileRef = AAF61A042B40BA56006EB00B /* LoveYaLikeASister-Regular.ttf */; };
		AAF61A062B40BA56006EB00B /* LoveYaLikeASister-Regular.ttf in Resources */ = {isa = PBXBuildFile; fileRef = AAF61A042B40BA56006EB00B /* LoveYaLikeASister-Regular.ttf */; };
		AAFA118B2BCC433A009FD387 /* QuizScreen.swift in Sources */ = {isa = PBXBuildFile; fileRef = AAFA118A2BCC433A009FD387 /* QuizScreen.swift */; };
/* End PBXBuildFile section */

/* Begin PBXContainerItemProxy section */
		AA16C5032AF41E0900384E03 /* PBXContainerItemProxy */ = {
			isa = PBXContainerItemProxy;
			containerPortal = AA16C4EA2AF41E0500384E03 /* Project object */;
			proxyType = 1;
			remoteGlobalIDString = AA16C4F12AF41E0500384E03;
			remoteInfo = Bible_Quiz;
		};
		AA16C50D2AF41E0900384E03 /* PBXContainerItemProxy */ = {
			isa = PBXContainerItemProxy;
			containerPortal = AA16C4EA2AF41E0500384E03 /* Project object */;
			proxyType = 1;
			remoteGlobalIDString = AA16C4F12AF41E0500384E03;
			remoteInfo = Bible_Quiz;
		};
/* End PBXContainerItemProxy section */

/* Begin PBXFileReference section */
		AA01653F2BDB120C00E570CE /* QuizAnswerButton.swift */ = {isa = PBXFileReference; lastKnownFileType = sourcecode.swift; path = QuizAnswerButton.swift; sourceTree = "<group>"; };
		AA04171E2BDE8B440068D22A /* QuizProgressBar.swift */ = {isa = PBXFileReference; lastKnownFileType = sourcecode.swift; path = QuizProgressBar.swift; sourceTree = "<group>"; };
		AA16C4F22AF41E0500384E03 /* Bible_Quiz.app */ = {isa = PBXFileReference; explicitFileType = wrapper.application; includeInIndex = 0; path = Bible_Quiz.app; sourceTree = BUILT_PRODUCTS_DIR; };
		AA16C4F52AF41E0500384E03 /* Bible_QuizApp.swift */ = {isa = PBXFileReference; lastKnownFileType = sourcecode.swift; path = Bible_QuizApp.swift; sourceTree = "<group>"; };
		AA16C4F72AF41E0500384E03 /* HomeScreenView.swift */ = {isa = PBXFileReference; lastKnownFileType = sourcecode.swift; path = HomeScreenView.swift; sourceTree = "<group>"; };
		AA16C4F92AF41E0800384E03 /* Assets.xcassets */ = {isa = PBXFileReference; lastKnownFileType = folder.assetcatalog; path = Assets.xcassets; sourceTree = "<group>"; };
		AA16C4FC2AF41E0800384E03 /* Preview Assets.xcassets */ = {isa = PBXFileReference; lastKnownFileType = folder.assetcatalog; path = "Preview Assets.xcassets"; sourceTree = "<group>"; };
		AA16C5022AF41E0900384E03 /* Bible_QuizTests.xctest */ = {isa = PBXFileReference; explicitFileType = wrapper.cfbundle; includeInIndex = 0; path = Bible_QuizTests.xctest; sourceTree = BUILT_PRODUCTS_DIR; };
		AA16C5062AF41E0900384E03 /* Bible_QuizTests.swift */ = {isa = PBXFileReference; lastKnownFileType = sourcecode.swift; path = Bible_QuizTests.swift; sourceTree = "<group>"; };
		AA16C50C2AF41E0900384E03 /* Bible_QuizUITests.xctest */ = {isa = PBXFileReference; explicitFileType = wrapper.cfbundle; includeInIndex = 0; path = Bible_QuizUITests.xctest; sourceTree = BUILT_PRODUCTS_DIR; };
		AA16C5102AF41E0900384E03 /* Bible_QuizUITests.swift */ = {isa = PBXFileReference; lastKnownFileType = sourcecode.swift; path = Bible_QuizUITests.swift; sourceTree = "<group>"; };
		AA16C5122AF41E0900384E03 /* Bible_QuizUITestsLaunchTests.swift */ = {isa = PBXFileReference; lastKnownFileType = sourcecode.swift; path = Bible_QuizUITestsLaunchTests.swift; sourceTree = "<group>"; };
		AA1BD8182BDCF7200085A0FA /* QuizScoreContents.swift */ = {isa = PBXFileReference; lastKnownFileType = sourcecode.swift; path = QuizScoreContents.swift; sourceTree = "<group>"; };
		AA1D024E2BD3CF4700BE784D /* AuthDataService.swift */ = {isa = PBXFileReference; lastKnownFileType = sourcecode.swift; path = AuthDataService.swift; sourceTree = "<group>"; };
		AA1D02602BD3D93F00BE784D /* GoogleService-Info.plist */ = {isa = PBXFileReference; fileEncoding = 4; lastKnownFileType = text.plist.xml; path = "GoogleService-Info.plist"; sourceTree = "<group>"; };
		AA1D02642BD3DE7300BE784D /* AuthView.swift */ = {isa = PBXFileReference; lastKnownFileType = sourcecode.swift; path = AuthView.swift; sourceTree = "<group>"; };
		AA1D02682BD3DFC600BE784D /* SignInEmailView.swift */ = {isa = PBXFileReference; lastKnownFileType = sourcecode.swift; path = SignInEmailView.swift; sourceTree = "<group>"; };
		AA2F42132B432CEB0040C9A9 /* BibleQuizButtonText.swift */ = {isa = PBXFileReference; lastKnownFileType = sourcecode.swift; path = BibleQuizButtonText.swift; sourceTree = "<group>"; };
		AA2F42162B4331570040C9A9 /* LevelScreen.swift */ = {isa = PBXFileReference; lastKnownFileType = sourcecode.swift; path = LevelScreen.swift; sourceTree = "<group>"; };
		AA2F42182B4334010040C9A9 /* LevelSelectButton.swift */ = {isa = PBXFileReference; lastKnownFileType = sourcecode.swift; path = LevelSelectButton.swift; sourceTree = "<group>"; };
		AA52BF682B436F6600FCBC12 /* Quiz.swift */ = {isa = PBXFileReference; lastKnownFileType = sourcecode.swift; path = Quiz.swift; sourceTree = "<group>"; };
		AA56811A2BD9922A00CC5A92 /* QuizLevelVM.swift */ = {isa = PBXFileReference; lastKnownFileType = sourcecode.swift; path = QuizLevelVM.swift; sourceTree = "<group>"; };
		AA56811C2BD99BED00CC5A92 /* BibleQuizLoading.swift */ = {isa = PBXFileReference; lastKnownFileType = sourcecode.swift; path = BibleQuizLoading.swift; sourceTree = "<group>"; };
		AA56811E2BD9A89900CC5A92 /* BibleQuizError.swift */ = {isa = PBXFileReference; lastKnownFileType = sourcecode.swift; path = BibleQuizError.swift; sourceTree = "<group>"; };
		AA5681202BD9AF6700CC5A92 /* LevelSelectDisabled.swift */ = {isa = PBXFileReference; lastKnownFileType = sourcecode.swift; path = LevelSelectDisabled.swift; sourceTree = "<group>"; };
		AA5681232BDAE7E000CC5A92 /* LevelScreenContents.swift */ = {isa = PBXFileReference; lastKnownFileType = sourcecode.swift; path = LevelScreenContents.swift; sourceTree = "<group>"; };
		AA57BCB52B44354B006CB058 /* QuizVM.swift */ = {isa = PBXFileReference; lastKnownFileType = sourcecode.swift; path = QuizVM.swift; sourceTree = "<group>"; };
		AA57BD042B4475E6006CB058 /* QuizRepo.swift */ = {isa = PBXFileReference; lastKnownFileType = sourcecode.swift; path = QuizRepo.swift; sourceTree = "<group>"; };
		AA57BD062B447742006CB058 /* MockQuizDataService.swift */ = {isa = PBXFileReference; lastKnownFileType = sourcecode.swift; path = MockQuizDataService.swift; sourceTree = "<group>"; };
		AA8E6A7D2BD71457006AD241 /* QuizNavGraph.swift */ = {isa = PBXFileReference; lastKnownFileType = sourcecode.swift; path = QuizNavGraph.swift; sourceTree = "<group>"; };
		AA8E6A802BD83EC7006AD241 /* MainNavGraph.swift */ = {isa = PBXFileReference; lastKnownFileType = sourcecode.swift; path = MainNavGraph.swift; sourceTree = "<group>"; };
		AA974CB62BD5789B00069BDB /* UserDataService.swift */ = {isa = PBXFileReference; lastKnownFileType = sourcecode.swift; path = UserDataService.swift; sourceTree = "<group>"; };
		AA974CB92BD5929900069BDB /* MainVM.swift */ = {isa = PBXFileReference; lastKnownFileType = sourcecode.swift; path = MainVM.swift; sourceTree = "<group>"; };
		AA974CBC2BD5953200069BDB /* UserModel.swift */ = {isa = PBXFileReference; lastKnownFileType = sourcecode.swift; path = UserModel.swift; sourceTree = "<group>"; };
		AA974CBF2BD59DA600069BDB /* MainScreen.swift */ = {isa = PBXFileReference; lastKnownFileType = sourcecode.swift; path = MainScreen.swift; sourceTree = "<group>"; };
		AA9AE75E2B42FB1400F81931 /* BackgroundView.swift */ = {isa = PBXFileReference; lastKnownFileType = sourcecode.swift; path = BackgroundView.swift; sourceTree = "<group>"; };
		AA9E9A612BD6CA01003EA02E /* AppError.swift */ = {isa = PBXFileReference; lastKnownFileType = sourcecode.swift; path = AppError.swift; sourceTree = "<group>"; };
		AAA49C5F2B419962009050C6 /* BibleQuizButton.swift */ = {isa = PBXFileReference; lastKnownFileType = sourcecode.swift; path = BibleQuizButton.swift; sourceTree = "<group>"; };
		AAA49CE32B41E2CB009050C6 /* QuizScreenContents.swift */ = {isa = PBXFileReference; lastKnownFileType = sourcecode.swift; path = QuizScreenContents.swift; sourceTree = "<group>"; };
		AAB0404C2B40BCDF0001F3E5 /* Bible-Quiz-Info.plist */ = {isa = PBXFileReference; lastKnownFileType = text.plist; path = "Bible-Quiz-Info.plist"; sourceTree = SOURCE_ROOT; };
		AAB9221F2BD3EB5900C68531 /* AuthRootView.swift */ = {isa = PBXFileReference; lastKnownFileType = sourcecode.swift; path = AuthRootView.swift; sourceTree = "<group>"; };
		AAB922242BD3EEB600C68531 /* SettingsView.swift */ = {isa = PBXFileReference; lastKnownFileType = sourcecode.swift; path = SettingsView.swift; sourceTree = "<group>"; };
		AAB9222D2BD403CF00C68531 /* ProfileView.swift */ = {isa = PBXFileReference; lastKnownFileType = sourcecode.swift; path = ProfileView.swift; sourceTree = "<group>"; };
		AAB922352BD42FFB00C68531 /* QuizDataService.swift */ = {isa = PBXFileReference; lastKnownFileType = sourcecode.swift; path = QuizDataService.swift; sourceTree = "<group>"; };
		AAF61A042B40BA56006EB00B /* LoveYaLikeASister-Regular.ttf */ = {isa = PBXFileReference; lastKnownFileType = file; path = "LoveYaLikeASister-Regular.ttf"; sourceTree = "<group>"; };
		AAFA118A2BCC433A009FD387 /* QuizScreen.swift */ = {isa = PBXFileReference; lastKnownFileType = sourcecode.swift; path = QuizScreen.swift; sourceTree = "<group>"; };
/* End PBXFileReference section */

/* Begin PBXFrameworksBuildPhase section */
		AA16C4EF2AF41E0500384E03 /* Frameworks */ = {
			isa = PBXFrameworksBuildPhase;
			buildActionMask = 2147483647;
			files = (
				AAB9222A2BD400B400C68531 /* FirebaseFirestoreSwift in Frameworks */,
				AA1D02492BD3CD6700BE784D /* FirebaseAnalyticsSwift in Frameworks */,
				AAB922282BD400B400C68531 /* FirebaseFirestore in Frameworks */,
				AA1D024B2BD3CD6700BE784D /* FirebaseAuth in Frameworks */,
				AA1D02472BD3CD6700BE784D /* FirebaseAnalytics in Frameworks */,
			);
			runOnlyForDeploymentPostprocessing = 0;
		};
		AA16C4FF2AF41E0900384E03 /* Frameworks */ = {
			isa = PBXFrameworksBuildPhase;
			buildActionMask = 2147483647;
			files = (
			);
			runOnlyForDeploymentPostprocessing = 0;
		};
		AA16C5092AF41E0900384E03 /* Frameworks */ = {
			isa = PBXFrameworksBuildPhase;
			buildActionMask = 2147483647;
			files = (
			);
			runOnlyForDeploymentPostprocessing = 0;
		};
/* End PBXFrameworksBuildPhase section */

/* Begin PBXGroup section */
		AA01653E2BDB113300E570CE /* components */ = {
			isa = PBXGroup;
			children = (
				AAA49CE32B41E2CB009050C6 /* QuizScreenContents.swift */,
				AA01653F2BDB120C00E570CE /* QuizAnswerButton.swift */,
				AA04171E2BDE8B440068D22A /* QuizProgressBar.swift */,
			);
			path = components;
			sourceTree = "<group>";
		};
		AA16C4E92AF41E0500384E03 = {
			isa = PBXGroup;
			children = (
				AA16C4F42AF41E0500384E03 /* Bible_Quiz */,
				AA16C5052AF41E0900384E03 /* Bible_QuizTests */,
				AA16C50F2AF41E0900384E03 /* Bible_QuizUITests */,
				AA16C4F32AF41E0500384E03 /* Products */,
				AAB922262BD400B400C68531 /* Frameworks */,
			);
			sourceTree = "<group>";
		};
		AA16C4F32AF41E0500384E03 /* Products */ = {
			isa = PBXGroup;
			children = (
				AA16C4F22AF41E0500384E03 /* Bible_Quiz.app */,
				AA16C5022AF41E0900384E03 /* Bible_QuizTests.xctest */,
				AA16C50C2AF41E0900384E03 /* Bible_QuizUITests.xctest */,
			);
			name = Products;
			sourceTree = "<group>";
		};
		AA16C4F42AF41E0500384E03 /* Bible_Quiz */ = {
			isa = PBXGroup;
			children = (
				AA1D02602BD3D93F00BE784D /* GoogleService-Info.plist */,
				AAB0404C2B40BCDF0001F3E5 /* Bible-Quiz-Info.plist */,
				AAA49C5D2B41990D009050C6 /* core */,
				AA1D024C2BD3CE7100BE784D /* feat-auth */,
				AAB9222C2BD4039300C68531 /* feat-profile */,
				AA57BCB72B444AAB006CB058 /* feat-Quiz */,
				AAF61A032B40BA33006EB00B /* font */,
				AA16C4F92AF41E0800384E03 /* Assets.xcassets */,
				AA16C4F52AF41E0500384E03 /* Bible_QuizApp.swift */,
				AA16C4FB2AF41E0800384E03 /* Preview Content */,
			);
			path = Bible_Quiz;
			sourceTree = "<group>";
		};
		AA16C4FB2AF41E0800384E03 /* Preview Content */ = {
			isa = PBXGroup;
			children = (
				AA16C4FC2AF41E0800384E03 /* Preview Assets.xcassets */,
			);
			path = "Preview Content";
			sourceTree = "<group>";
		};
		AA16C5052AF41E0900384E03 /* Bible_QuizTests */ = {
			isa = PBXGroup;
			children = (
				AA16C5062AF41E0900384E03 /* Bible_QuizTests.swift */,
			);
			path = Bible_QuizTests;
			sourceTree = "<group>";
		};
		AA16C50F2AF41E0900384E03 /* Bible_QuizUITests */ = {
			isa = PBXGroup;
			children = (
				AA16C5102AF41E0900384E03 /* Bible_QuizUITests.swift */,
				AA16C5122AF41E0900384E03 /* Bible_QuizUITestsLaunchTests.swift */,
			);
			path = Bible_QuizUITests;
			sourceTree = "<group>";
		};
		AA1BD8172BDCF6FC0085A0FA /* score */ = {
			isa = PBXGroup;
			children = (
				AA1BD8182BDCF7200085A0FA /* QuizScoreContents.swift */,
			);
			path = score;
			sourceTree = "<group>";
		};
		AA1D024C2BD3CE7100BE784D /* feat-auth */ = {
			isa = PBXGroup;
			children = (
				AA1D02572BD3D12100BE784D /* sceens */,
				AA1D02522BD3CFF800BE784D /* model */,
				AA1D024D2BD3CEAB00BE784D /* data-service */,
			);
			path = "feat-auth";
			sourceTree = "<group>";
		};
		AA1D024D2BD3CEAB00BE784D /* data-service */ = {
			isa = PBXGroup;
			children = (
				AA1D024E2BD3CF4700BE784D /* AuthDataService.swift */,
			);
			path = "data-service";
			sourceTree = "<group>";
		};
		AA1D02522BD3CFF800BE784D /* model */ = {
			isa = PBXGroup;
			children = (
			);
			path = model;
			sourceTree = "<group>";
		};
		AA1D02572BD3D12100BE784D /* sceens */ = {
			isa = PBXGroup;
			children = (
				AA1D02682BD3DFC600BE784D /* SignInEmailView.swift */,
				AA1D02642BD3DE7300BE784D /* AuthView.swift */,
				AAB9221F2BD3EB5900C68531 /* AuthRootView.swift */,
			);
			path = sceens;
			sourceTree = "<group>";
		};
		AA2F42152B43312B0040C9A9 /* level */ = {
			isa = PBXGroup;
			children = (
				AA5681222BDAE7C300CC5A92 /* components */,
				AA2F42162B4331570040C9A9 /* LevelScreen.swift */,
				AA56811A2BD9922A00CC5A92 /* QuizLevelVM.swift */,
			);
			path = level;
			sourceTree = "<group>";
		};
		AA52BF672B436F4E00FCBC12 /* model */ = {
			isa = PBXGroup;
			children = (
				AA52BF682B436F6600FCBC12 /* Quiz.swift */,
			);
			path = model;
			sourceTree = "<group>";
		};
		AA5681132BD9414500CC5A92 /* data */ = {
			isa = PBXGroup;
			children = (
			);
			path = data;
			sourceTree = "<group>";
		};
		AA5681222BDAE7C300CC5A92 /* components */ = {
			isa = PBXGroup;
			children = (
				AA2F42182B4334010040C9A9 /* LevelSelectButton.swift */,
				AA5681202BD9AF6700CC5A92 /* LevelSelectDisabled.swift */,
				AA5681232BDAE7E000CC5A92 /* LevelScreenContents.swift */,
			);
			path = components;
			sourceTree = "<group>";
		};
		AA57BCB72B444AAB006CB058 /* feat-Quiz */ = {
			isa = PBXGroup;
			children = (
				AA8E6A7A2BD7130C006AD241 /* navigation */,
				AA57BD032B44758E006CB058 /* repository */,
				AA57BD012B4473F9006CB058 /* data-service */,
				AA52BF672B436F4E00FCBC12 /* model */,
				AA57BD022B4474BA006CB058 /* screens */,
			);
			path = "feat-Quiz";
			sourceTree = "<group>";
		};
		AA57BD012B4473F9006CB058 /* data-service */ = {
			isa = PBXGroup;
			children = (
				AA57BD062B447742006CB058 /* MockQuizDataService.swift */,
				AAB922352BD42FFB00C68531 /* QuizDataService.swift */,
			);
			path = "data-service";
			sourceTree = "<group>";
		};
		AA57BD022B4474BA006CB058 /* screens */ = {
			isa = PBXGroup;
			children = (
				AA1BD8172BDCF6FC0085A0FA /* score */,
				AAFA11892BCC41D5009FD387 /* components */,
				AA2F42152B43312B0040C9A9 /* level */,
				AAA49CE22B41E15A009050C6 /* quiz */,
			);
			path = screens;
			sourceTree = "<group>";
		};
		AA57BD032B44758E006CB058 /* repository */ = {
			isa = PBXGroup;
			children = (
				AA57BD042B4475E6006CB058 /* QuizRepo.swift */,
			);
			path = repository;
			sourceTree = "<group>";
		};
		AA8E6A7A2BD7130C006AD241 /* navigation */ = {
			isa = PBXGroup;
			children = (
				AA8E6A7D2BD71457006AD241 /* QuizNavGraph.swift */,
			);
			path = navigation;
			sourceTree = "<group>";
		};
		AA8E6A7F2BD83E4F006AD241 /* main-navigation */ = {
			isa = PBXGroup;
			children = (
				AA8E6A802BD83EC7006AD241 /* MainNavGraph.swift */,
			);
			path = "main-navigation";
			sourceTree = "<group>";
		};
		AA974CB52BD5785300069BDB /* data-service */ = {
			isa = PBXGroup;
			children = (
				AA974CB62BD5789B00069BDB /* UserDataService.swift */,
			);
			path = "data-service";
			sourceTree = "<group>";
		};
		AA974CB82BD5928200069BDB /* main */ = {
			isa = PBXGroup;
			children = (
				AA9E9A602BD6C9EC003EA02E /* model */,
				AA974CBE2BD59D7C00069BDB /* screen */,
				AA974CB92BD5929900069BDB /* MainVM.swift */,
			);
			path = main;
			sourceTree = "<group>";
		};
		AA974CBB2BD5951B00069BDB /* model */ = {
			isa = PBXGroup;
			children = (
				AA974CBC2BD5953200069BDB /* UserModel.swift */,
			);
			path = model;
			sourceTree = "<group>";
		};
		AA974CBE2BD59D7C00069BDB /* screen */ = {
			isa = PBXGroup;
			children = (
				AA974CBF2BD59DA600069BDB /* MainScreen.swift */,
			);
			path = screen;
			sourceTree = "<group>";
		};
		AA9E9A602BD6C9EC003EA02E /* model */ = {
			isa = PBXGroup;
			children = (
				AA9E9A612BD6CA01003EA02E /* AppError.swift */,
			);
			path = model;
			sourceTree = "<group>";
		};
		AAA49C5D2B41990D009050C6 /* core */ = {
			isa = PBXGroup;
			children = (
				AA5681132BD9414500CC5A92 /* data */,
				AA8E6A7F2BD83E4F006AD241 /* main-navigation */,
				AA974CB82BD5928200069BDB /* main */,
				AAB922212BD3EE5300C68531 /* SettingsScreen */,
				AAA49CE12B41E14C009050C6 /* LobbyScreen */,
				AAA49CE02B41E140009050C6 /* HomeScreen */,
				AAA49C5E2B41991C009050C6 /* components */,
			);
			path = core;
			sourceTree = "<group>";
		};
		AAA49C5E2B41991C009050C6 /* components */ = {
			isa = PBXGroup;
			children = (
				AAA49C5F2B419962009050C6 /* BibleQuizButton.swift */,
				AA2F42132B432CEB0040C9A9 /* BibleQuizButtonText.swift */,
				AA9AE75E2B42FB1400F81931 /* BackgroundView.swift */,
				AA56811C2BD99BED00CC5A92 /* BibleQuizLoading.swift */,
				AA56811E2BD9A89900CC5A92 /* BibleQuizError.swift */,
			);
			path = components;
			sourceTree = "<group>";
		};
		AAA49CE02B41E140009050C6 /* HomeScreen */ = {
			isa = PBXGroup;
			children = (
				AA16C4F72AF41E0500384E03 /* HomeScreenView.swift */,
			);
			path = HomeScreen;
			sourceTree = "<group>";
		};
		AAA49CE12B41E14C009050C6 /* LobbyScreen */ = {
			isa = PBXGroup;
			children = (
			);
			path = LobbyScreen;
			sourceTree = "<group>";
		};
		AAA49CE22B41E15A009050C6 /* quiz */ = {
			isa = PBXGroup;
			children = (
				AA01653E2BDB113300E570CE /* components */,
				AA57BCB52B44354B006CB058 /* QuizVM.swift */,
				AAFA118A2BCC433A009FD387 /* QuizScreen.swift */,
			);
			path = quiz;
			sourceTree = "<group>";
		};
		AAB922212BD3EE5300C68531 /* SettingsScreen */ = {
			isa = PBXGroup;
			children = (
				AAB922242BD3EEB600C68531 /* SettingsView.swift */,
			);
			path = SettingsScreen;
			sourceTree = "<group>";
		};
		AAB922262BD400B400C68531 /* Frameworks */ = {
			isa = PBXGroup;
			children = (
			);
			name = Frameworks;
			sourceTree = "<group>";
		};
		AAB9222C2BD4039300C68531 /* feat-profile */ = {
			isa = PBXGroup;
			children = (
				AA974CBB2BD5951B00069BDB /* model */,
				AAB9222D2BD403CF00C68531 /* ProfileView.swift */,
				AA974CB52BD5785300069BDB /* data-service */,
			);
			path = "feat-profile";
			sourceTree = "<group>";
		};
		AAF61A032B40BA33006EB00B /* font */ = {
			isa = PBXGroup;
			children = (
				AAF61A042B40BA56006EB00B /* LoveYaLikeASister-Regular.ttf */,
			);
			path = font;
			sourceTree = "<group>";
		};
		AAFA11892BCC41D5009FD387 /* components */ = {
			isa = PBXGroup;
			children = (
			);
			path = components;
			sourceTree = "<group>";
		};
/* End PBXGroup section */

/* Begin PBXNativeTarget section */
		AA16C4F12AF41E0500384E03 /* Bible_Quiz */ = {
			isa = PBXNativeTarget;
			buildConfigurationList = AA16C5162AF41E0900384E03 /* Build configuration list for PBXNativeTarget "Bible_Quiz" */;
			buildPhases = (
				AA16C4EE2AF41E0500384E03 /* Sources */,
				AA16C4EF2AF41E0500384E03 /* Frameworks */,
				AA16C4F02AF41E0500384E03 /* Resources */,
			);
			buildRules = (
			);
			dependencies = (
			);
			name = Bible_Quiz;
			packageProductDependencies = (
				AA1D02462BD3CD6700BE784D /* FirebaseAnalytics */,
				AA1D02482BD3CD6700BE784D /* FirebaseAnalyticsSwift */,
				AA1D024A2BD3CD6700BE784D /* FirebaseAuth */,
				AAB922272BD400B400C68531 /* FirebaseFirestore */,
				AAB922292BD400B400C68531 /* FirebaseFirestoreSwift */,
			);
			productName = Bible_Quiz;
			productReference = AA16C4F22AF41E0500384E03 /* Bible_Quiz.app */;
			productType = "com.apple.product-type.application";
		};
		AA16C5012AF41E0900384E03 /* Bible_QuizTests */ = {
			isa = PBXNativeTarget;
			buildConfigurationList = AA16C5192AF41E0900384E03 /* Build configuration list for PBXNativeTarget "Bible_QuizTests" */;
			buildPhases = (
				AA16C4FE2AF41E0900384E03 /* Sources */,
				AA16C4FF2AF41E0900384E03 /* Frameworks */,
				AA16C5002AF41E0900384E03 /* Resources */,
			);
			buildRules = (
			);
			dependencies = (
				AA16C5042AF41E0900384E03 /* PBXTargetDependency */,
			);
			name = Bible_QuizTests;
			productName = Bible_QuizTests;
			productReference = AA16C5022AF41E0900384E03 /* Bible_QuizTests.xctest */;
			productType = "com.apple.product-type.bundle.unit-test";
		};
		AA16C50B2AF41E0900384E03 /* Bible_QuizUITests */ = {
			isa = PBXNativeTarget;
			buildConfigurationList = AA16C51C2AF41E0900384E03 /* Build configuration list for PBXNativeTarget "Bible_QuizUITests" */;
			buildPhases = (
				AA16C5082AF41E0900384E03 /* Sources */,
				AA16C5092AF41E0900384E03 /* Frameworks */,
				AA16C50A2AF41E0900384E03 /* Resources */,
			);
			buildRules = (
			);
			dependencies = (
				AA16C50E2AF41E0900384E03 /* PBXTargetDependency */,
			);
			name = Bible_QuizUITests;
			productName = Bible_QuizUITests;
			productReference = AA16C50C2AF41E0900384E03 /* Bible_QuizUITests.xctest */;
			productType = "com.apple.product-type.bundle.ui-testing";
		};
/* End PBXNativeTarget section */

/* Begin PBXProject section */
		AA16C4EA2AF41E0500384E03 /* Project object */ = {
			isa = PBXProject;
			attributes = {
				BuildIndependentTargetsInParallel = 1;
				LastSwiftUpdateCheck = 1420;
				LastUpgradeCheck = 1420;
				TargetAttributes = {
					AA16C4F12AF41E0500384E03 = {
						CreatedOnToolsVersion = 14.2;
					};
					AA16C5012AF41E0900384E03 = {
						CreatedOnToolsVersion = 14.2;
						TestTargetID = AA16C4F12AF41E0500384E03;
					};
					AA16C50B2AF41E0900384E03 = {
						CreatedOnToolsVersion = 14.2;
						TestTargetID = AA16C4F12AF41E0500384E03;
					};
				};
			};
			buildConfigurationList = AA16C4ED2AF41E0500384E03 /* Build configuration list for PBXProject "Bible_Quiz" */;
			compatibilityVersion = "Xcode 14.0";
			developmentRegion = en;
			hasScannedForEncodings = 0;
			knownRegions = (
				en,
				Base,
			);
			mainGroup = AA16C4E92AF41E0500384E03;
			packageReferences = (
				AA1D02452BD3CD6700BE784D /* XCRemoteSwiftPackageReference "firebase-ios-sdk" */,
			);
			productRefGroup = AA16C4F32AF41E0500384E03 /* Products */;
			projectDirPath = "";
			projectRoot = "";
			targets = (
				AA16C4F12AF41E0500384E03 /* Bible_Quiz */,
				AA16C5012AF41E0900384E03 /* Bible_QuizTests */,
				AA16C50B2AF41E0900384E03 /* Bible_QuizUITests */,
			);
		};
/* End PBXProject section */

/* Begin PBXResourcesBuildPhase section */
		AA16C4F02AF41E0500384E03 /* Resources */ = {
			isa = PBXResourcesBuildPhase;
			buildActionMask = 2147483647;
			files = (
				AA16C4FD2AF41E0800384E03 /* Preview Assets.xcassets in Resources */,
				AA1D02612BD3D93F00BE784D /* GoogleService-Info.plist in Resources */,
				AA16C4FA2AF41E0800384E03 /* Assets.xcassets in Resources */,
				AAF61A052B40BA56006EB00B /* LoveYaLikeASister-Regular.ttf in Resources */,
			);
			runOnlyForDeploymentPostprocessing = 0;
		};
		AA16C5002AF41E0900384E03 /* Resources */ = {
			isa = PBXResourcesBuildPhase;
			buildActionMask = 2147483647;
			files = (
				AA1D02622BD3D93F00BE784D /* GoogleService-Info.plist in Resources */,
			);
			runOnlyForDeploymentPostprocessing = 0;
		};
		AA16C50A2AF41E0900384E03 /* Resources */ = {
			isa = PBXResourcesBuildPhase;
			buildActionMask = 2147483647;
			files = (
				AAF61A062B40BA56006EB00B /* LoveYaLikeASister-Regular.ttf in Resources */,
				AA1D02632BD3D93F00BE784D /* GoogleService-Info.plist in Resources */,
			);
			runOnlyForDeploymentPostprocessing = 0;
		};
/* End PBXResourcesBuildPhase section */

/* Begin PBXSourcesBuildPhase section */
		AA16C4EE2AF41E0500384E03 /* Sources */ = {
			isa = PBXSourcesBuildPhase;
			buildActionMask = 2147483647;
			files = (
				AA9AE75F2B42FB1400F81931 /* BackgroundView.swift in Sources */,
				AA16C4F82AF41E0500384E03 /* HomeScreenView.swift in Sources */,
				AA57BD072B447742006CB058 /* MockQuizDataService.swift in Sources */,
				AA04171F2BDE8B440068D22A /* QuizProgressBar.swift in Sources */,
				AA56811D2BD99BEE00CC5A92 /* BibleQuizLoading.swift in Sources */,
				AA9E9A622BD6CA01003EA02E /* AppError.swift in Sources */,
				AA8E6A812BD83EC7006AD241 /* MainNavGraph.swift in Sources */,
				AA5681212BD9AF6700CC5A92 /* LevelSelectDisabled.swift in Sources */,
				AAFA118B2BCC433A009FD387 /* QuizScreen.swift in Sources */,
				AA16C4F62AF41E0500384E03 /* Bible_QuizApp.swift in Sources */,
				AA52BF692B436F6600FCBC12 /* Quiz.swift in Sources */,
				AA974CBA2BD5929900069BDB /* MainVM.swift in Sources */,
				AA1BD8192BDCF7200085A0FA /* QuizScoreContents.swift in Sources */,
				AA974CBD2BD5953200069BDB /* UserModel.swift in Sources */,
				AA57BCB62B44354B006CB058 /* QuizVM.swift in Sources */,
				AA8E6A7E2BD71457006AD241 /* QuizNavGraph.swift in Sources */,
				AA1D02692BD3DFC600BE784D /* SignInEmailView.swift in Sources */,
				AA974CB72BD5789B00069BDB /* UserDataService.swift in Sources */,
				AA974CC02BD59DA600069BDB /* MainScreen.swift in Sources */,
				AAA49C602B419962009050C6 /* BibleQuizButton.swift in Sources */,
				AA2F42142B432CEB0040C9A9 /* BibleQuizButtonText.swift in Sources */,
				AA2F42172B4331570040C9A9 /* LevelScreen.swift in Sources */,
				AA56811F2BD9A89900CC5A92 /* BibleQuizError.swift in Sources */,
				AA2F42192B4334010040C9A9 /* LevelSelectButton.swift in Sources */,
				AAB9222E2BD403CF00C68531 /* ProfileView.swift in Sources */,
				AAA49CE42B41E2CB009050C6 /* QuizScreenContents.swift in Sources */,
				AA57BD052B4475E6006CB058 /* QuizRepo.swift in Sources */,
				AAB922202BD3EB5900C68531 /* AuthRootView.swift in Sources */,
				AA5681242BDAE7E000CC5A92 /* LevelScreenContents.swift in Sources */,
				AA1D02652BD3DE7300BE784D /* AuthView.swift in Sources */,
				AA0165402BDB120C00E570CE /* QuizAnswerButton.swift in Sources */,
				AA1D024F2BD3CF4700BE784D /* AuthDataService.swift in Sources */,
				AAB922362BD42FFB00C68531 /* QuizDataService.swift in Sources */,
				AAB922252BD3EEB600C68531 /* SettingsView.swift in Sources */,
				AA56811B2BD9922A00CC5A92 /* QuizLevelVM.swift in Sources */,
			);
			runOnlyForDeploymentPostprocessing = 0;
		};
		AA16C4FE2AF41E0900384E03 /* Sources */ = {
			isa = PBXSourcesBuildPhase;
			buildActionMask = 2147483647;
			files = (
				AA16C5072AF41E0900384E03 /* Bible_QuizTests.swift in Sources */,
				AA1D026A2BD3DFC600BE784D /* SignInEmailView.swift in Sources */,
				AAB922372BD42FFB00C68531 /* QuizDataService.swift in Sources */,
				AA1D02662BD3DE7300BE784D /* AuthView.swift in Sources */,
				AA1D02502BD3CF4700BE784D /* AuthDataService.swift in Sources */,
			);
			runOnlyForDeploymentPostprocessing = 0;
		};
		AA16C5082AF41E0900384E03 /* Sources */ = {
			isa = PBXSourcesBuildPhase;
			buildActionMask = 2147483647;
			files = (
				AA16C5132AF41E0900384E03 /* Bible_QuizUITestsLaunchTests.swift in Sources */,
				AAB922382BD42FFB00C68531 /* QuizDataService.swift in Sources */,
				AA16C5112AF41E0900384E03 /* Bible_QuizUITests.swift in Sources */,
				AA1D02672BD3DE7300BE784D /* AuthView.swift in Sources */,
				AA1D02512BD3CF4700BE784D /* AuthDataService.swift in Sources */,
				AA1D026B2BD3DFC600BE784D /* SignInEmailView.swift in Sources */,
			);
			runOnlyForDeploymentPostprocessing = 0;
		};
/* End PBXSourcesBuildPhase section */

/* Begin PBXTargetDependency section */
		AA16C5042AF41E0900384E03 /* PBXTargetDependency */ = {
			isa = PBXTargetDependency;
			target = AA16C4F12AF41E0500384E03 /* Bible_Quiz */;
			targetProxy = AA16C5032AF41E0900384E03 /* PBXContainerItemProxy */;
		};
		AA16C50E2AF41E0900384E03 /* PBXTargetDependency */ = {
			isa = PBXTargetDependency;
			target = AA16C4F12AF41E0500384E03 /* Bible_Quiz */;
			targetProxy = AA16C50D2AF41E0900384E03 /* PBXContainerItemProxy */;
		};
/* End PBXTargetDependency section */

/* Begin XCBuildConfiguration section */
		AA16C5142AF41E0900384E03 /* Debug */ = {
			isa = XCBuildConfiguration;
			buildSettings = {
				ALWAYS_SEARCH_USER_PATHS = NO;
				CLANG_ANALYZER_NONNULL = YES;
				CLANG_ANALYZER_NUMBER_OBJECT_CONVERSION = YES_AGGRESSIVE;
				CLANG_CXX_LANGUAGE_STANDARD = "gnu++20";
				CLANG_ENABLE_MODULES = YES;
				CLANG_ENABLE_OBJC_ARC = YES;
				CLANG_ENABLE_OBJC_WEAK = YES;
				CLANG_WARN_BLOCK_CAPTURE_AUTORELEASING = YES;
				CLANG_WARN_BOOL_CONVERSION = YES;
				CLANG_WARN_COMMA = YES;
				CLANG_WARN_CONSTANT_CONVERSION = YES;
				CLANG_WARN_DEPRECATED_OBJC_IMPLEMENTATIONS = YES;
				CLANG_WARN_DIRECT_OBJC_ISA_USAGE = YES_ERROR;
				CLANG_WARN_DOCUMENTATION_COMMENTS = YES;
				CLANG_WARN_EMPTY_BODY = YES;
				CLANG_WARN_ENUM_CONVERSION = YES;
				CLANG_WARN_INFINITE_RECURSION = YES;
				CLANG_WARN_INT_CONVERSION = YES;
				CLANG_WARN_NON_LITERAL_NULL_CONVERSION = YES;
				CLANG_WARN_OBJC_IMPLICIT_RETAIN_SELF = YES;
				CLANG_WARN_OBJC_LITERAL_CONVERSION = YES;
				CLANG_WARN_OBJC_ROOT_CLASS = YES_ERROR;
				CLANG_WARN_QUOTED_INCLUDE_IN_FRAMEWORK_HEADER = YES;
				CLANG_WARN_RANGE_LOOP_ANALYSIS = YES;
				CLANG_WARN_STRICT_PROTOTYPES = YES;
				CLANG_WARN_SUSPICIOUS_MOVE = YES;
				CLANG_WARN_UNGUARDED_AVAILABILITY = YES_AGGRESSIVE;
				CLANG_WARN_UNREACHABLE_CODE = YES;
				CLANG_WARN__DUPLICATE_METHOD_MATCH = YES;
				COPY_PHASE_STRIP = NO;
				DEBUG_INFORMATION_FORMAT = dwarf;
				ENABLE_STRICT_OBJC_MSGSEND = YES;
				ENABLE_TESTABILITY = YES;
				GCC_C_LANGUAGE_STANDARD = gnu11;
				GCC_DYNAMIC_NO_PIC = NO;
				GCC_NO_COMMON_BLOCKS = YES;
				GCC_OPTIMIZATION_LEVEL = 0;
				GCC_PREPROCESSOR_DEFINITIONS = (
					"DEBUG=1",
					"$(inherited)",
				);
				GCC_WARN_64_TO_32_BIT_CONVERSION = YES;
				GCC_WARN_ABOUT_RETURN_TYPE = YES_ERROR;
				GCC_WARN_UNDECLARED_SELECTOR = YES;
				GCC_WARN_UNINITIALIZED_AUTOS = YES_AGGRESSIVE;
				GCC_WARN_UNUSED_FUNCTION = YES;
				GCC_WARN_UNUSED_VARIABLE = YES;
				IPHONEOS_DEPLOYMENT_TARGET = 16.2;
				MTL_ENABLE_DEBUG_INFO = INCLUDE_SOURCE;
				MTL_FAST_MATH = YES;
				ONLY_ACTIVE_ARCH = YES;
				SDKROOT = iphoneos;
				SWIFT_ACTIVE_COMPILATION_CONDITIONS = DEBUG;
				SWIFT_OPTIMIZATION_LEVEL = "-Onone";
			};
			name = Debug;
		};
		AA16C5152AF41E0900384E03 /* Release */ = {
			isa = XCBuildConfiguration;
			buildSettings = {
				ALWAYS_SEARCH_USER_PATHS = NO;
				CLANG_ANALYZER_NONNULL = YES;
				CLANG_ANALYZER_NUMBER_OBJECT_CONVERSION = YES_AGGRESSIVE;
				CLANG_CXX_LANGUAGE_STANDARD = "gnu++20";
				CLANG_ENABLE_MODULES = YES;
				CLANG_ENABLE_OBJC_ARC = YES;
				CLANG_ENABLE_OBJC_WEAK = YES;
				CLANG_WARN_BLOCK_CAPTURE_AUTORELEASING = YES;
				CLANG_WARN_BOOL_CONVERSION = YES;
				CLANG_WARN_COMMA = YES;
				CLANG_WARN_CONSTANT_CONVERSION = YES;
				CLANG_WARN_DEPRECATED_OBJC_IMPLEMENTATIONS = YES;
				CLANG_WARN_DIRECT_OBJC_ISA_USAGE = YES_ERROR;
				CLANG_WARN_DOCUMENTATION_COMMENTS = YES;
				CLANG_WARN_EMPTY_BODY = YES;
				CLANG_WARN_ENUM_CONVERSION = YES;
				CLANG_WARN_INFINITE_RECURSION = YES;
				CLANG_WARN_INT_CONVERSION = YES;
				CLANG_WARN_NON_LITERAL_NULL_CONVERSION = YES;
				CLANG_WARN_OBJC_IMPLICIT_RETAIN_SELF = YES;
				CLANG_WARN_OBJC_LITERAL_CONVERSION = YES;
				CLANG_WARN_OBJC_ROOT_CLASS = YES_ERROR;
				CLANG_WARN_QUOTED_INCLUDE_IN_FRAMEWORK_HEADER = YES;
				CLANG_WARN_RANGE_LOOP_ANALYSIS = YES;
				CLANG_WARN_STRICT_PROTOTYPES = YES;
				CLANG_WARN_SUSPICIOUS_MOVE = YES;
				CLANG_WARN_UNGUARDED_AVAILABILITY = YES_AGGRESSIVE;
				CLANG_WARN_UNREACHABLE_CODE = YES;
				CLANG_WARN__DUPLICATE_METHOD_MATCH = YES;
				COPY_PHASE_STRIP = NO;
				DEBUG_INFORMATION_FORMAT = "dwarf-with-dsym";
				ENABLE_NS_ASSERTIONS = NO;
				ENABLE_STRICT_OBJC_MSGSEND = YES;
				GCC_C_LANGUAGE_STANDARD = gnu11;
				GCC_NO_COMMON_BLOCKS = YES;
				GCC_WARN_64_TO_32_BIT_CONVERSION = YES;
				GCC_WARN_ABOUT_RETURN_TYPE = YES_ERROR;
				GCC_WARN_UNDECLARED_SELECTOR = YES;
				GCC_WARN_UNINITIALIZED_AUTOS = YES_AGGRESSIVE;
				GCC_WARN_UNUSED_FUNCTION = YES;
				GCC_WARN_UNUSED_VARIABLE = YES;
				IPHONEOS_DEPLOYMENT_TARGET = 16.2;
				MTL_ENABLE_DEBUG_INFO = NO;
				MTL_FAST_MATH = YES;
				SDKROOT = iphoneos;
				SWIFT_COMPILATION_MODE = wholemodule;
				SWIFT_OPTIMIZATION_LEVEL = "-O";
				VALIDATE_PRODUCT = YES;
			};
			name = Release;
		};
		AA16C5172AF41E0900384E03 /* Debug */ = {
			isa = XCBuildConfiguration;
			buildSettings = {
				ASSETCATALOG_COMPILER_APPICON_NAME = AppIcon;
				ASSETCATALOG_COMPILER_GLOBAL_ACCENT_COLOR_NAME = AccentColor;
				CODE_SIGN_STYLE = Automatic;
				CURRENT_PROJECT_VERSION = 1;
				DEVELOPMENT_ASSET_PATHS = "\"Bible_Quiz/Preview Content\"";
				DEVELOPMENT_TEAM = K3HULTH5D3;
				ENABLE_PREVIEWS = YES;
				GENERATE_INFOPLIST_FILE = YES;
				INFOPLIST_FILE = "Bible-Quiz-Info.plist";
				INFOPLIST_KEY_LSApplicationCategoryType = "public.app-category.trivia-games";
				INFOPLIST_KEY_UIApplicationSceneManifest_Generation = YES;
				INFOPLIST_KEY_UIApplicationSupportsIndirectInputEvents = YES;
				INFOPLIST_KEY_UILaunchScreen_Generation = YES;
				INFOPLIST_KEY_UISupportedInterfaceOrientations_iPad = "UIInterfaceOrientationPortrait UIInterfaceOrientationPortraitUpsideDown UIInterfaceOrientationLandscapeLeft UIInterfaceOrientationLandscapeRight";
				INFOPLIST_KEY_UISupportedInterfaceOrientations_iPhone = "UIInterfaceOrientationPortrait UIInterfaceOrientationLandscapeLeft UIInterfaceOrientationLandscapeRight";
				LD_RUNPATH_SEARCH_PATHS = (
					"$(inherited)",
					"@executable_path/Frameworks",
				);
				MARKETING_VERSION = 1.0;
				PRODUCT_BUNDLE_IDENTIFIER = com.extrabrains.biblequiz;
				PRODUCT_NAME = "$(TARGET_NAME)";
				SWIFT_EMIT_LOC_STRINGS = YES;
				SWIFT_VERSION = 5.0;
				TARGETED_DEVICE_FAMILY = "1,2";
			};
			name = Debug;
		};
		AA16C5182AF41E0900384E03 /* Release */ = {
			isa = XCBuildConfiguration;
			buildSettings = {
				ASSETCATALOG_COMPILER_APPICON_NAME = AppIcon;
				ASSETCATALOG_COMPILER_GLOBAL_ACCENT_COLOR_NAME = AccentColor;
				CODE_SIGN_STYLE = Automatic;
				CURRENT_PROJECT_VERSION = 1;
				DEVELOPMENT_ASSET_PATHS = "\"Bible_Quiz/Preview Content\"";
				DEVELOPMENT_TEAM = H48HSJ27NR;
				ENABLE_PREVIEWS = YES;
				GENERATE_INFOPLIST_FILE = YES;
				INFOPLIST_FILE = "Bible-Quiz-Info.plist";
				INFOPLIST_KEY_LSApplicationCategoryType = "public.app-category.trivia-games";
				INFOPLIST_KEY_UIApplicationSceneManifest_Generation = YES;
				INFOPLIST_KEY_UIApplicationSupportsIndirectInputEvents = YES;
				INFOPLIST_KEY_UILaunchScreen_Generation = YES;
				INFOPLIST_KEY_UISupportedInterfaceOrientations_iPad = "UIInterfaceOrientationPortrait UIInterfaceOrientationPortraitUpsideDown UIInterfaceOrientationLandscapeLeft UIInterfaceOrientationLandscapeRight";
				INFOPLIST_KEY_UISupportedInterfaceOrientations_iPhone = "UIInterfaceOrientationPortrait UIInterfaceOrientationLandscapeLeft UIInterfaceOrientationLandscapeRight";
				LD_RUNPATH_SEARCH_PATHS = (
					"$(inherited)",
					"@executable_path/Frameworks",
				);
				MARKETING_VERSION = 1.0;
				PRODUCT_BUNDLE_IDENTIFIER = com.extrabrains.biblequiz;
				PRODUCT_NAME = "$(TARGET_NAME)";
				SWIFT_EMIT_LOC_STRINGS = YES;
				SWIFT_VERSION = 5.0;
				TARGETED_DEVICE_FAMILY = "1,2";
			};
			name = Release;
		};
		AA16C51A2AF41E0900384E03 /* Debug */ = {
			isa = XCBuildConfiguration;
			buildSettings = {
				ALWAYS_EMBED_SWIFT_STANDARD_LIBRARIES = YES;
				BUNDLE_LOADER = "$(TEST_HOST)";
				CODE_SIGN_STYLE = Automatic;
				CURRENT_PROJECT_VERSION = 1;
				GENERATE_INFOPLIST_FILE = YES;
				IPHONEOS_DEPLOYMENT_TARGET = 16.2;
				MARKETING_VERSION = 1.0;
				PRODUCT_BUNDLE_IDENTIFIER = "com.extrabrains.Bible-QuizTests";
				PRODUCT_NAME = "$(TARGET_NAME)";
				SWIFT_EMIT_LOC_STRINGS = NO;
				SWIFT_VERSION = 5.0;
				TARGETED_DEVICE_FAMILY = "1,2";
				TEST_HOST = "$(BUILT_PRODUCTS_DIR)/Bible_Quiz.app/$(BUNDLE_EXECUTABLE_FOLDER_PATH)/Bible_Quiz";
			};
			name = Debug;
		};
		AA16C51B2AF41E0900384E03 /* Release */ = {
			isa = XCBuildConfiguration;
			buildSettings = {
				ALWAYS_EMBED_SWIFT_STANDARD_LIBRARIES = YES;
				BUNDLE_LOADER = "$(TEST_HOST)";
				CODE_SIGN_STYLE = Automatic;
				CURRENT_PROJECT_VERSION = 1;
				GENERATE_INFOPLIST_FILE = YES;
				IPHONEOS_DEPLOYMENT_TARGET = 16.2;
				MARKETING_VERSION = 1.0;
				PRODUCT_BUNDLE_IDENTIFIER = "com.extrabrains.Bible-QuizTests";
				PRODUCT_NAME = "$(TARGET_NAME)";
				SWIFT_EMIT_LOC_STRINGS = NO;
				SWIFT_VERSION = 5.0;
				TARGETED_DEVICE_FAMILY = "1,2";
				TEST_HOST = "$(BUILT_PRODUCTS_DIR)/Bible_Quiz.app/$(BUNDLE_EXECUTABLE_FOLDER_PATH)/Bible_Quiz";
			};
			name = Release;
		};
		AA16C51D2AF41E0900384E03 /* Debug */ = {
			isa = XCBuildConfiguration;
			buildSettings = {
				ALWAYS_EMBED_SWIFT_STANDARD_LIBRARIES = YES;
				CODE_SIGN_STYLE = Automatic;
				CURRENT_PROJECT_VERSION = 1;
				GENERATE_INFOPLIST_FILE = YES;
				MARKETING_VERSION = 1.0;
				PRODUCT_BUNDLE_IDENTIFIER = "com.extrabrains.Bible-QuizUITests";
				PRODUCT_NAME = "$(TARGET_NAME)";
				SWIFT_EMIT_LOC_STRINGS = NO;
				SWIFT_VERSION = 5.0;
				TARGETED_DEVICE_FAMILY = "1,2";
				TEST_TARGET_NAME = Bible_Quiz;
			};
			name = Debug;
		};
		AA16C51E2AF41E0900384E03 /* Release */ = {
			isa = XCBuildConfiguration;
			buildSettings = {
				ALWAYS_EMBED_SWIFT_STANDARD_LIBRARIES = YES;
				CODE_SIGN_STYLE = Automatic;
				CURRENT_PROJECT_VERSION = 1;
				GENERATE_INFOPLIST_FILE = YES;
				MARKETING_VERSION = 1.0;
				PRODUCT_BUNDLE_IDENTIFIER = "com.extrabrains.Bible-QuizUITests";
				PRODUCT_NAME = "$(TARGET_NAME)";
				SWIFT_EMIT_LOC_STRINGS = NO;
				SWIFT_VERSION = 5.0;
				TARGETED_DEVICE_FAMILY = "1,2";
				TEST_TARGET_NAME = Bible_Quiz;
			};
			name = Release;
		};
		AA1D025C2BD3D4F200BE784D /* Emulators */ = {
			isa = XCBuildConfiguration;
			buildSettings = {
				ALWAYS_SEARCH_USER_PATHS = NO;
				CLANG_ANALYZER_NONNULL = YES;
				CLANG_ANALYZER_NUMBER_OBJECT_CONVERSION = YES_AGGRESSIVE;
				CLANG_CXX_LANGUAGE_STANDARD = "gnu++20";
				CLANG_ENABLE_MODULES = YES;
				CLANG_ENABLE_OBJC_ARC = YES;
				CLANG_ENABLE_OBJC_WEAK = YES;
				CLANG_WARN_BLOCK_CAPTURE_AUTORELEASING = YES;
				CLANG_WARN_BOOL_CONVERSION = YES;
				CLANG_WARN_COMMA = YES;
				CLANG_WARN_CONSTANT_CONVERSION = YES;
				CLANG_WARN_DEPRECATED_OBJC_IMPLEMENTATIONS = YES;
				CLANG_WARN_DIRECT_OBJC_ISA_USAGE = YES_ERROR;
				CLANG_WARN_DOCUMENTATION_COMMENTS = YES;
				CLANG_WARN_EMPTY_BODY = YES;
				CLANG_WARN_ENUM_CONVERSION = YES;
				CLANG_WARN_INFINITE_RECURSION = YES;
				CLANG_WARN_INT_CONVERSION = YES;
				CLANG_WARN_NON_LITERAL_NULL_CONVERSION = YES;
				CLANG_WARN_OBJC_IMPLICIT_RETAIN_SELF = YES;
				CLANG_WARN_OBJC_LITERAL_CONVERSION = YES;
				CLANG_WARN_OBJC_ROOT_CLASS = YES_ERROR;
				CLANG_WARN_QUOTED_INCLUDE_IN_FRAMEWORK_HEADER = YES;
				CLANG_WARN_RANGE_LOOP_ANALYSIS = YES;
				CLANG_WARN_STRICT_PROTOTYPES = YES;
				CLANG_WARN_SUSPICIOUS_MOVE = YES;
				CLANG_WARN_UNGUARDED_AVAILABILITY = YES_AGGRESSIVE;
				CLANG_WARN_UNREACHABLE_CODE = YES;
				CLANG_WARN__DUPLICATE_METHOD_MATCH = YES;
				COPY_PHASE_STRIP = NO;
				DEBUG_INFORMATION_FORMAT = dwarf;
				ENABLE_STRICT_OBJC_MSGSEND = YES;
				ENABLE_TESTABILITY = YES;
				GCC_C_LANGUAGE_STANDARD = gnu11;
				GCC_DYNAMIC_NO_PIC = NO;
				GCC_NO_COMMON_BLOCKS = YES;
				GCC_OPTIMIZATION_LEVEL = 0;
				GCC_PREPROCESSOR_DEFINITIONS = (
					"DEBUG=1",
					"$(inherited)",
				);
				GCC_WARN_64_TO_32_BIT_CONVERSION = YES;
				GCC_WARN_ABOUT_RETURN_TYPE = YES_ERROR;
				GCC_WARN_UNDECLARED_SELECTOR = YES;
				GCC_WARN_UNINITIALIZED_AUTOS = YES_AGGRESSIVE;
				GCC_WARN_UNUSED_FUNCTION = YES;
				GCC_WARN_UNUSED_VARIABLE = YES;
				IPHONEOS_DEPLOYMENT_TARGET = 16.2;
				MTL_ENABLE_DEBUG_INFO = INCLUDE_SOURCE;
				MTL_FAST_MATH = YES;
				ONLY_ACTIVE_ARCH = YES;
				OTHER_SWIFT_FLAGS = "-D EMULATORS";
				SDKROOT = iphoneos;
				SWIFT_ACTIVE_COMPILATION_CONDITIONS = DEBUG;
				SWIFT_OPTIMIZATION_LEVEL = "-Onone";
			};
			name = Emulators;
		};
		AA1D025D2BD3D4F200BE784D /* Emulators */ = {
			isa = XCBuildConfiguration;
			buildSettings = {
				ASSETCATALOG_COMPILER_APPICON_NAME = AppIcon;
				ASSETCATALOG_COMPILER_GLOBAL_ACCENT_COLOR_NAME = AccentColor;
				CODE_SIGN_STYLE = Automatic;
				CURRENT_PROJECT_VERSION = 1;
				DEVELOPMENT_ASSET_PATHS = "\"Bible_Quiz/Preview Content\"";
				DEVELOPMENT_TEAM = K3HULTH5D3;
				ENABLE_PREVIEWS = YES;
				GENERATE_INFOPLIST_FILE = YES;
				INFOPLIST_FILE = "Bible-Quiz-Info.plist";
				INFOPLIST_KEY_LSApplicationCategoryType = "public.app-category.trivia-games";
				INFOPLIST_KEY_UIApplicationSceneManifest_Generation = YES;
				INFOPLIST_KEY_UIApplicationSupportsIndirectInputEvents = YES;
				INFOPLIST_KEY_UILaunchScreen_Generation = YES;
				INFOPLIST_KEY_UISupportedInterfaceOrientations_iPad = "UIInterfaceOrientationPortrait UIInterfaceOrientationPortraitUpsideDown UIInterfaceOrientationLandscapeLeft UIInterfaceOrientationLandscapeRight";
				INFOPLIST_KEY_UISupportedInterfaceOrientations_iPhone = "UIInterfaceOrientationPortrait UIInterfaceOrientationLandscapeLeft UIInterfaceOrientationLandscapeRight";
				LD_RUNPATH_SEARCH_PATHS = (
					"$(inherited)",
					"@executable_path/Frameworks",
				);
				MARKETING_VERSION = 1.0;
				PRODUCT_BUNDLE_IDENTIFIER = com.extrabrains.biblequiz;
				PRODUCT_NAME = "$(TARGET_NAME)";
				SWIFT_EMIT_LOC_STRINGS = YES;
				SWIFT_VERSION = 5.0;
				TARGETED_DEVICE_FAMILY = "1,2";
			};
			name = Emulators;
		};
		AA1D025E2BD3D4F200BE784D /* Emulators */ = {
			isa = XCBuildConfiguration;
			buildSettings = {
				ALWAYS_EMBED_SWIFT_STANDARD_LIBRARIES = YES;
				BUNDLE_LOADER = "$(TEST_HOST)";
				CODE_SIGN_STYLE = Automatic;
				CURRENT_PROJECT_VERSION = 1;
				GENERATE_INFOPLIST_FILE = YES;
				IPHONEOS_DEPLOYMENT_TARGET = 16.2;
				MARKETING_VERSION = 1.0;
				PRODUCT_BUNDLE_IDENTIFIER = "com.extrabrains.Bible-QuizTests";
				PRODUCT_NAME = "$(TARGET_NAME)";
				SWIFT_EMIT_LOC_STRINGS = NO;
				SWIFT_VERSION = 5.0;
				TARGETED_DEVICE_FAMILY = "1,2";
				TEST_HOST = "$(BUILT_PRODUCTS_DIR)/Bible_Quiz.app/$(BUNDLE_EXECUTABLE_FOLDER_PATH)/Bible_Quiz";
			};
			name = Emulators;
		};
		AA1D025F2BD3D4F200BE784D /* Emulators */ = {
			isa = XCBuildConfiguration;
			buildSettings = {
				ALWAYS_EMBED_SWIFT_STANDARD_LIBRARIES = YES;
				CODE_SIGN_STYLE = Automatic;
				CURRENT_PROJECT_VERSION = 1;
				GENERATE_INFOPLIST_FILE = YES;
				MARKETING_VERSION = 1.0;
				PRODUCT_BUNDLE_IDENTIFIER = "com.extrabrains.Bible-QuizUITests";
				PRODUCT_NAME = "$(TARGET_NAME)";
				SWIFT_EMIT_LOC_STRINGS = NO;
				SWIFT_VERSION = 5.0;
				TARGETED_DEVICE_FAMILY = "1,2";
				TEST_TARGET_NAME = Bible_Quiz;
			};
			name = Emulators;
		};
/* End XCBuildConfiguration section */

/* Begin XCConfigurationList section */
		AA16C4ED2AF41E0500384E03 /* Build configuration list for PBXProject "Bible_Quiz" */ = {
			isa = XCConfigurationList;
			buildConfigurations = (
				AA16C5142AF41E0900384E03 /* Debug */,
				AA1D025C2BD3D4F200BE784D /* Emulators */,
				AA16C5152AF41E0900384E03 /* Release */,
			);
			defaultConfigurationIsVisible = 0;
			defaultConfigurationName = Release;
		};
		AA16C5162AF41E0900384E03 /* Build configuration list for PBXNativeTarget "Bible_Quiz" */ = {
			isa = XCConfigurationList;
			buildConfigurations = (
				AA16C5172AF41E0900384E03 /* Debug */,
				AA1D025D2BD3D4F200BE784D /* Emulators */,
				AA16C5182AF41E0900384E03 /* Release */,
			);
			defaultConfigurationIsVisible = 0;
			defaultConfigurationName = Release;
		};
		AA16C5192AF41E0900384E03 /* Build configuration list for PBXNativeTarget "Bible_QuizTests" */ = {
			isa = XCConfigurationList;
			buildConfigurations = (
				AA16C51A2AF41E0900384E03 /* Debug */,
				AA1D025E2BD3D4F200BE784D /* Emulators */,
				AA16C51B2AF41E0900384E03 /* Release */,
			);
			defaultConfigurationIsVisible = 0;
			defaultConfigurationName = Release;
		};
		AA16C51C2AF41E0900384E03 /* Build configuration list for PBXNativeTarget "Bible_QuizUITests" */ = {
			isa = XCConfigurationList;
			buildConfigurations = (
				AA16C51D2AF41E0900384E03 /* Debug */,
				AA1D025F2BD3D4F200BE784D /* Emulators */,
				AA16C51E2AF41E0900384E03 /* Release */,
			);
			defaultConfigurationIsVisible = 0;
			defaultConfigurationName = Release;
		};
/* End XCConfigurationList section */

/* Begin XCRemoteSwiftPackageReference section */
		AA1D02452BD3CD6700BE784D /* XCRemoteSwiftPackageReference "firebase-ios-sdk" */ = {
			isa = XCRemoteSwiftPackageReference;
			repositoryURL = "https://github.com/firebase/firebase-ios-sdk";
			requirement = {
				kind = exactVersion;
				version = 10.24.0;
			};
		};
/* End XCRemoteSwiftPackageReference section */

/* Begin XCSwiftPackageProductDependency section */
		AA1D02462BD3CD6700BE784D /* FirebaseAnalytics */ = {
			isa = XCSwiftPackageProductDependency;
			package = AA1D02452BD3CD6700BE784D /* XCRemoteSwiftPackageReference "firebase-ios-sdk" */;
			productName = FirebaseAnalytics;
		};
		AA1D02482BD3CD6700BE784D /* FirebaseAnalyticsSwift */ = {
			isa = XCSwiftPackageProductDependency;
			package = AA1D02452BD3CD6700BE784D /* XCRemoteSwiftPackageReference "firebase-ios-sdk" */;
			productName = FirebaseAnalyticsSwift;
		};
		AA1D024A2BD3CD6700BE784D /* FirebaseAuth */ = {
			isa = XCSwiftPackageProductDependency;
			package = AA1D02452BD3CD6700BE784D /* XCRemoteSwiftPackageReference "firebase-ios-sdk" */;
			productName = FirebaseAuth;
		};
		AAB922272BD400B400C68531 /* FirebaseFirestore */ = {
			isa = XCSwiftPackageProductDependency;
			package = AA1D02452BD3CD6700BE784D /* XCRemoteSwiftPackageReference "firebase-ios-sdk" */;
			productName = FirebaseFirestore;
		};
		AAB922292BD400B400C68531 /* FirebaseFirestoreSwift */ = {
			isa = XCSwiftPackageProductDependency;
			package = AA1D02452BD3CD6700BE784D /* XCRemoteSwiftPackageReference "firebase-ios-sdk" */;
			productName = FirebaseFirestoreSwift;
		};
/* End XCSwiftPackageProductDependency section */
	};
	rootObject = AA16C4EA2AF41E0500384E03 /* Project object */;
}
